// !$*UTF8*$!
{
	archiveVersion = 1;
	classes = {
	};
	objectVersion = 55;
	objects = {

/* Begin PBXBuildFile section */
		BA19A95C28CD0FC5006C7ABF /* ListViewElements.swift in Sources */ = {isa = PBXBuildFile; fileRef = BA19A95B28CD0FC5006C7ABF /* ListViewElements.swift */; };
		BA337EAC28F3B3D9004B3AE4 /* HTTPErrorCode.swift in Sources */ = {isa = PBXBuildFile; fileRef = BA337EAB28F3B3D9004B3AE4 /* HTTPErrorCode.swift */; };
		BA337EB128F3CA85004B3AE4 /* ViewPressModifier.swift in Sources */ = {isa = PBXBuildFile; fileRef = BA337EB028F3CA85004B3AE4 /* ViewPressModifier.swift */; };
		BA350B0A28E93DE6008B3FFA /* CategoryButtonIconAndText.swift in Sources */ = {isa = PBXBuildFile; fileRef = BA350B0928E93DE6008B3FFA /* CategoryButtonIconAndText.swift */; };
		BA350B1A28F07A31008B3FFA /* DataRetriever.swift in Sources */ = {isa = PBXBuildFile; fileRef = BA350B1928F07A31008B3FFA /* DataRetriever.swift */; };
		BA350B2428F233B7008B3FFA /* LaunchScreen.swift in Sources */ = {isa = PBXBuildFile; fileRef = BA350B2328F233B7008B3FFA /* LaunchScreen.swift */; };
		BA350B2828F26F78008B3FFA /* RotatingGlobe.swift in Sources */ = {isa = PBXBuildFile; fileRef = BA350B2728F26F78008B3FFA /* RotatingGlobe.swift */; };
		BA350B2C28F33F5C008B3FFA /* AnimatedAppName.swift in Sources */ = {isa = PBXBuildFile; fileRef = BA350B2B28F33F5C008B3FFA /* AnimatedAppName.swift */; };
		BA350B3028F3753F008B3FFA /* HomeTabView.swift in Sources */ = {isa = PBXBuildFile; fileRef = BA350B2F28F3753F008B3FFA /* HomeTabView.swift */; };
		BA3CF11628DFBEA200C7D1B4 /* EnvironmentObjectModifier.swift in Sources */ = {isa = PBXBuildFile; fileRef = BA3CF11528DFBEA200C7D1B4 /* EnvironmentObjectModifier.swift */; };
		BA3CF11828DFEDAD00C7D1B4 /* NewTripView.swift in Sources */ = {isa = PBXBuildFile; fileRef = BA3CF11728DFEDAD00C7D1B4 /* NewTripView.swift */; };
		BA3CF11E28E12DF800C7D1B4 /* DataModel-09252022.png in Resources */ = {isa = PBXBuildFile; fileRef = BA3CF11D28E12DF800C7D1B4 /* DataModel-09252022.png */; };
		BA5B482A28B1C57300308D00 /* Constants.swift in Sources */ = {isa = PBXBuildFile; fileRef = BA5B482928B1C57300308D00 /* Constants.swift */; };
		BA63588528CD2AD30021F9D3 /* UIBlurEffect.swift in Sources */ = {isa = PBXBuildFile; fileRef = BA63588428CD2AD30021F9D3 /* UIBlurEffect.swift */; };
		BA68374228FB9B9B006548F8 /* Location+CoreDataClass.swift in Sources */ = {isa = PBXBuildFile; fileRef = BA68374128FB9B9B006548F8 /* Location+CoreDataClass.swift */; };
		BA7C513D2909E4CC001C9D5E /* Trips+CoreDataClass.swift in Sources */ = {isa = PBXBuildFile; fileRef = BA7C513C2909E4CC001C9D5E /* Trips+CoreDataClass.swift */; };
		BA7C513F2909E4D2001C9D5E /* Trips+CoreDataProperties.swift in Sources */ = {isa = PBXBuildFile; fileRef = BA7C513E2909E4D2001C9D5E /* Trips+CoreDataProperties.swift */; };
		BA7C5143290B331A001C9D5E /* LocationViewModel.swift in Sources */ = {isa = PBXBuildFile; fileRef = BA7C5142290B331A001C9D5E /* LocationViewModel.swift */; };
		BA7C5145290E1417001C9D5E /* NetworkMonitor.swift in Sources */ = {isa = PBXBuildFile; fileRef = BA7C5144290E1417001C9D5E /* NetworkMonitor.swift */; };
		BA7C5147290ED81E001C9D5E /* Binding.swift in Sources */ = {isa = PBXBuildFile; fileRef = BA7C5146290ED81E001C9D5E /* Binding.swift */; };
		BA7C5149290EFBD6001C9D5E /* NoNetworkView.swift in Sources */ = {isa = PBXBuildFile; fileRef = BA7C5148290EFBD6001C9D5E /* NoNetworkView.swift */; };
		BAA23A8928E8B2CB0023D09E /* CategoryButtonList.swift in Sources */ = {isa = PBXBuildFile; fileRef = BAA23A8828E8B2CA0023D09E /* CategoryButtonList.swift */; };
		BAA23A8C28E8B4750023D09E /* RoundedImageViewStroked.swift in Sources */ = {isa = PBXBuildFile; fileRef = BAA23A8B28E8B4750023D09E /* RoundedImageViewStroked.swift */; };
		BAA23A8F28E8B5C90023D09E /* BigBoldHeading.swift in Sources */ = {isa = PBXBuildFile; fileRef = BAA23A8E28E8B5C90023D09E /* BigBoldHeading.swift */; };
		BAA23A9128E8B61E0023D09E /* BigThinHeading.swift in Sources */ = {isa = PBXBuildFile; fileRef = BAA23A9028E8B61E0023D09E /* BigThinHeading.swift */; };
		BAA23A9328E8B65C0023D09E /* ButtonText.swift in Sources */ = {isa = PBXBuildFile; fileRef = BAA23A9228E8B65C0023D09E /* ButtonText.swift */; };
		BAA23A9528E8B6AF0023D09E /* UnorderedListLabelText.swift in Sources */ = {isa = PBXBuildFile; fileRef = BAA23A9428E8B6AF0023D09E /* UnorderedListLabelText.swift */; };
		BAA3253428E5ECD900E27F50 /* HomeTabHeader.swift in Sources */ = {isa = PBXBuildFile; fileRef = BAA3253328E5ECD900E27F50 /* HomeTabHeader.swift */; };
		BAA3253628E5EE2500E27F50 /* OnboardingButton.swift in Sources */ = {isa = PBXBuildFile; fileRef = BAA3253528E5EE2500E27F50 /* OnboardingButton.swift */; };
		BAA3253A28E5EEDE00E27F50 /* CityListSectionHeader.swift in Sources */ = {isa = PBXBuildFile; fileRef = BAA3253928E5EEDE00E27F50 /* CityListSectionHeader.swift */; };
		BAAA86E028F70D8500ADC200 /* TriposoLocation.swift in Sources */ = {isa = PBXBuildFile; fileRef = BAAA86DF28F70D8500ADC200 /* TriposoLocation.swift */; };
		BAAA86E328F777AD00ADC200 /* FileManager.swift in Sources */ = {isa = PBXBuildFile; fileRef = BAAA86E228F777AD00ADC200 /* FileManager.swift */; };
		BAAA870428FB489D00ADC200 /* Locations.xcdatamodeld in Sources */ = {isa = PBXBuildFile; fileRef = BAAA870228FB489D00ADC200 /* Locations.xcdatamodeld */; };
		BAAA870628FB491500ADC200 /* Persistence.swift in Sources */ = {isa = PBXBuildFile; fileRef = BAAA870528FB491500ADC200 /* Persistence.swift */; };
		BAB8066F28B1CA82009E81E4 /* HomeScreen.swift in Sources */ = {isa = PBXBuildFile; fileRef = BAB8066E28B1CA82009E81E4 /* HomeScreen.swift */; };
		BAB8067528B1D4A1009E81E4 /* RoundedImageView.swift in Sources */ = {isa = PBXBuildFile; fileRef = BAB8067428B1D4A1009E81E4 /* RoundedImageView.swift */; };
		BAB8067728B1E03B009E81E4 /* OnBoarding.swift in Sources */ = {isa = PBXBuildFile; fileRef = BAB8067628B1E03B009E81E4 /* OnBoarding.swift */; };
		BAB8068528BC0166009E81E4 /* City.swift in Sources */ = {isa = PBXBuildFile; fileRef = BAB8068428BC0166009E81E4 /* City.swift */; };
		BAB8068728BC8321009E81E4 /* CityViewModel.swift in Sources */ = {isa = PBXBuildFile; fileRef = BAB8068628BC8321009E81E4 /* CityViewModel.swift */; };
		BAC4F493290386CA000ED870 /* TestDataRetriever.swift in Sources */ = {isa = PBXBuildFile; fileRef = BAC4F492290386CA000ED870 /* TestDataRetriever.swift */; };
		BAC4F4942903878A000ED870 /* DataRetriever.swift in Sources */ = {isa = PBXBuildFile; fileRef = BA350B1928F07A31008B3FFA /* DataRetriever.swift */; };
		BAC4F495290388D2000ED870 /* FileManager.swift in Sources */ = {isa = PBXBuildFile; fileRef = BAAA86E228F777AD00ADC200 /* FileManager.swift */; };
		BAC4F496290388EB000ED870 /* HTTPErrorCode.swift in Sources */ = {isa = PBXBuildFile; fileRef = BA337EAB28F3B3D9004B3AE4 /* HTTPErrorCode.swift */; };
		BAC4F497290388F0000ED870 /* Constants.swift in Sources */ = {isa = PBXBuildFile; fileRef = BA5B482928B1C57300308D00 /* Constants.swift */; };
		BAC4F499290391EF000ED870 /* DataRetrieverErrors.swift in Sources */ = {isa = PBXBuildFile; fileRef = BAC4F498290391EF000ED870 /* DataRetrieverErrors.swift */; };
		BAC4F49A2903921B000ED870 /* DataRetrieverErrors.swift in Sources */ = {isa = PBXBuildFile; fileRef = BAC4F498290391EF000ED870 /* DataRetrieverErrors.swift */; };
		BAC55DA528FBA035004652DF /* Location+CoreDataProperties.swift in Sources */ = {isa = PBXBuildFile; fileRef = BAC55DA428FBA035004652DF /* Location+CoreDataProperties.swift */; };
		BAC55DA728FC577E004652DF /* HorizontalListView.swift in Sources */ = {isa = PBXBuildFile; fileRef = BAC55DA628FC577E004652DF /* HorizontalListView.swift */; };
		BAC55DA928FC58A3004652DF /* DetailView.swift in Sources */ = {isa = PBXBuildFile; fileRef = BAC55DA828FC58A3004652DF /* DetailView.swift */; };
		BAC55DAB28FC5A90004652DF /* CityDetails.swift in Sources */ = {isa = PBXBuildFile; fileRef = BAC55DAA28FC5A90004652DF /* CityDetails.swift */; };
		BAC55DAF28FCA76F004652DF /* Double.swift in Sources */ = {isa = PBXBuildFile; fileRef = BAC55DAE28FCA76F004652DF /* Double.swift */; };
		BAC55DB228FCAA96004652DF /* LargeListViewElement.swift in Sources */ = {isa = PBXBuildFile; fileRef = BAC55DB128FCAA96004652DF /* LargeListViewElement.swift */; };
		BAC55DB428FCAB4B004652DF /* ListElementViewHeader.swift in Sources */ = {isa = PBXBuildFile; fileRef = BAC55DB328FCAB4B004652DF /* ListElementViewHeader.swift */; };
		BAC55DC128FCC0E5004652DF /* LikedCities+CoreDataClass.swift in Sources */ = {isa = PBXBuildFile; fileRef = BAC55DBF28FCC0E5004652DF /* LikedCities+CoreDataClass.swift */; };
		BAC55DC228FCC0E5004652DF /* LikedCities+CoreDataProperties.swift in Sources */ = {isa = PBXBuildFile; fileRef = BAC55DC028FCC0E5004652DF /* LikedCities+CoreDataProperties.swift */; };
		BAC55DD12901C501004652DF /* TestCoreDataStack.swift in Sources */ = {isa = PBXBuildFile; fileRef = BAC55DD02901C501004652DF /* TestCoreDataStack.swift */; };
		BAC55DD22901CA99004652DF /* Persistence.swift in Sources */ = {isa = PBXBuildFile; fileRef = BAAA870528FB491500ADC200 /* Persistence.swift */; };
		BAC55DD42901CABD004652DF /* TriposoLocation.swift in Sources */ = {isa = PBXBuildFile; fileRef = BAAA86DF28F70D8500ADC200 /* TriposoLocation.swift */; };
		BAC55DD52901CAC2004652DF /* Location+CoreDataClass.swift in Sources */ = {isa = PBXBuildFile; fileRef = BA68374128FB9B9B006548F8 /* Location+CoreDataClass.swift */; };
		BAC55DD62901CAC7004652DF /* Location+CoreDataProperties.swift in Sources */ = {isa = PBXBuildFile; fileRef = BAC55DA428FBA035004652DF /* Location+CoreDataProperties.swift */; };
		BAC55DD72901CB35004652DF /* LikedCities+CoreDataClass.swift in Sources */ = {isa = PBXBuildFile; fileRef = BAC55DBF28FCC0E5004652DF /* LikedCities+CoreDataClass.swift */; };
		BAC55DD82901CB38004652DF /* LikedCities+CoreDataProperties.swift in Sources */ = {isa = PBXBuildFile; fileRef = BAC55DC028FCC0E5004652DF /* LikedCities+CoreDataProperties.swift */; };
		BAC55DD929023F25004652DF /* Locations.xcdatamodeld in Sources */ = {isa = PBXBuildFile; fileRef = BAAA870228FB489D00ADC200 /* Locations.xcdatamodeld */; };
		BAC55DE129032999004652DF /* CityHopperUITests.swift in Sources */ = {isa = PBXBuildFile; fileRef = BAC55DE029032999004652DF /* CityHopperUITests.swift */; };
		BAC55DE329032999004652DF /* CityHopperUITestsLaunchTests.swift in Sources */ = {isa = PBXBuildFile; fileRef = BAC55DE229032999004652DF /* CityHopperUITestsLaunchTests.swift */; };
		BAEB2F3B28B13C47002FBBAD /* CityHopperApp.swift in Sources */ = {isa = PBXBuildFile; fileRef = BAEB2F3A28B13C47002FBBAD /* CityHopperApp.swift */; };
		BAEB2F3F28B13C4C002FBBAD /* Assets.xcassets in Resources */ = {isa = PBXBuildFile; fileRef = BAEB2F3E28B13C4C002FBBAD /* Assets.xcassets */; };
		BAEB2F4228B13C4C002FBBAD /* Preview Assets.xcassets in Resources */ = {isa = PBXBuildFile; fileRef = BAEB2F4128B13C4C002FBBAD /* Preview Assets.xcassets */; };
		BAF2DF5A28D64CB600E1AEF8 /* Category.swift in Sources */ = {isa = PBXBuildFile; fileRef = BAF2DF5928D64CB600E1AEF8 /* Category.swift */; };
		BAF2DF5F28D66C2900E1AEF8 /* HomeTab.swift in Sources */ = {isa = PBXBuildFile; fileRef = BAF2DF5E28D66C2900E1AEF8 /* HomeTab.swift */; };
		BAF2DF6128D6979B00E1AEF8 /* CityListTab.swift in Sources */ = {isa = PBXBuildFile; fileRef = BAF2DF6028D6979B00E1AEF8 /* CityListTab.swift */; };
		BAF2DF6628D799AC00E1AEF8 /* ListView.swift in Sources */ = {isa = PBXBuildFile; fileRef = BAF2DF6528D799AC00E1AEF8 /* ListView.swift */; };
		BAF2DF6828D7C98200E1AEF8 /* ThingsToDo.swift in Sources */ = {isa = PBXBuildFile; fileRef = BAF2DF6728D7C98200E1AEF8 /* ThingsToDo.swift */; };
		BAFF85E228DE370000A13F11 /* TripListTab.swift in Sources */ = {isa = PBXBuildFile; fileRef = BAFF85E128DE370000A13F11 /* TripListTab.swift */; };
		BAFF85E428DE3C6C00A13F11 /* LikesListTab.swift in Sources */ = {isa = PBXBuildFile; fileRef = BAFF85E328DE3C6C00A13F11 /* LikesListTab.swift */; };
		BAFF85E628DE40E600A13F11 /* TripsViewModel.swift in Sources */ = {isa = PBXBuildFile; fileRef = BAFF85E528DE40E600A13F11 /* TripsViewModel.swift */; };
/* End PBXBuildFile section */

/* Begin PBXContainerItemProxy section */
		BA7C5161290F61E3001C9D5E /* PBXContainerItemProxy */ = {
			isa = PBXContainerItemProxy;
			containerPortal = BA7C515D290F61E3001C9D5E /* DailyQuotes.xcodeproj */;
			proxyType = 2;
			remoteGlobalIDString = 18D775BD22AD944300AE281E;
			remoteInfo = DailyQuotes;
		};
		BAC55DCB2901C37F004652DF /* PBXContainerItemProxy */ = {
			isa = PBXContainerItemProxy;
			containerPortal = BAEB2F2F28B13C47002FBBAD /* Project object */;
			proxyType = 1;
			remoteGlobalIDString = BAEB2F3628B13C47002FBBAD;
			remoteInfo = CityHopper;
		};
		BAC55DE429032999004652DF /* PBXContainerItemProxy */ = {
			isa = PBXContainerItemProxy;
			containerPortal = BAEB2F2F28B13C47002FBBAD /* Project object */;
			proxyType = 1;
			remoteGlobalIDString = BAEB2F3628B13C47002FBBAD;
			remoteInfo = CityHopper;
		};
/* End PBXContainerItemProxy section */

/* Begin PBXFileReference section */
		BA19A95B28CD0FC5006C7ABF /* ListViewElements.swift */ = {isa = PBXFileReference; lastKnownFileType = sourcecode.swift; path = ListViewElements.swift; sourceTree = "<group>"; };
		BA337EAB28F3B3D9004B3AE4 /* HTTPErrorCode.swift */ = {isa = PBXFileReference; lastKnownFileType = sourcecode.swift; path = HTTPErrorCode.swift; sourceTree = "<group>"; };
		BA337EB028F3CA85004B3AE4 /* ViewPressModifier.swift */ = {isa = PBXFileReference; lastKnownFileType = sourcecode.swift; path = ViewPressModifier.swift; sourceTree = "<group>"; };
		BA350B0928E93DE6008B3FFA /* CategoryButtonIconAndText.swift */ = {isa = PBXFileReference; lastKnownFileType = sourcecode.swift; path = CategoryButtonIconAndText.swift; sourceTree = "<group>"; };
		BA350B1928F07A31008B3FFA /* DataRetriever.swift */ = {isa = PBXFileReference; lastKnownFileType = sourcecode.swift; path = DataRetriever.swift; sourceTree = "<group>"; };
		BA350B1E28F09B5F008B3FFA /* Secrets.xcconfig */ = {isa = PBXFileReference; lastKnownFileType = text.xcconfig; path = Secrets.xcconfig; sourceTree = "<group>"; };
		BA350B1F28F0A303008B3FFA /* Info.plist */ = {isa = PBXFileReference; lastKnownFileType = text.plist.xml; path = Info.plist; sourceTree = "<group>"; };
		BA350B2328F233B7008B3FFA /* LaunchScreen.swift */ = {isa = PBXFileReference; lastKnownFileType = sourcecode.swift; path = LaunchScreen.swift; sourceTree = "<group>"; };
		BA350B2728F26F78008B3FFA /* RotatingGlobe.swift */ = {isa = PBXFileReference; lastKnownFileType = sourcecode.swift; path = RotatingGlobe.swift; sourceTree = "<group>"; };
		BA350B2B28F33F5C008B3FFA /* AnimatedAppName.swift */ = {isa = PBXFileReference; lastKnownFileType = sourcecode.swift; path = AnimatedAppName.swift; sourceTree = "<group>"; };
		BA350B2F28F3753F008B3FFA /* HomeTabView.swift */ = {isa = PBXFileReference; lastKnownFileType = sourcecode.swift; path = HomeTabView.swift; sourceTree = "<group>"; };
		BA3CF11528DFBEA200C7D1B4 /* EnvironmentObjectModifier.swift */ = {isa = PBXFileReference; lastKnownFileType = sourcecode.swift; path = EnvironmentObjectModifier.swift; sourceTree = "<group>"; };
		BA3CF11728DFEDAD00C7D1B4 /* NewTripView.swift */ = {isa = PBXFileReference; lastKnownFileType = sourcecode.swift; path = NewTripView.swift; sourceTree = "<group>"; };
		BA3CF11D28E12DF800C7D1B4 /* DataModel-09252022.png */ = {isa = PBXFileReference; lastKnownFileType = image.png; path = "DataModel-09252022.png"; sourceTree = "<group>"; };
		BA5B482928B1C57300308D00 /* Constants.swift */ = {isa = PBXFileReference; lastKnownFileType = sourcecode.swift; path = Constants.swift; sourceTree = "<group>"; };
		BA5B482B28B1C5CA00308D00 /* README.md */ = {isa = PBXFileReference; lastKnownFileType = net.daringfireball.markdown; path = README.md; sourceTree = "<group>"; };
		BA63588428CD2AD30021F9D3 /* UIBlurEffect.swift */ = {isa = PBXFileReference; lastKnownFileType = sourcecode.swift; path = UIBlurEffect.swift; sourceTree = "<group>"; };
		BA68374128FB9B9B006548F8 /* Location+CoreDataClass.swift */ = {isa = PBXFileReference; lastKnownFileType = sourcecode.swift; path = "Location+CoreDataClass.swift"; sourceTree = "<group>"; };
		BA7C513C2909E4CC001C9D5E /* Trips+CoreDataClass.swift */ = {isa = PBXFileReference; fileEncoding = 4; lastKnownFileType = sourcecode.swift; path = "Trips+CoreDataClass.swift"; sourceTree = "<group>"; };
		BA7C513E2909E4D2001C9D5E /* Trips+CoreDataProperties.swift */ = {isa = PBXFileReference; fileEncoding = 4; lastKnownFileType = sourcecode.swift; path = "Trips+CoreDataProperties.swift"; sourceTree = "<group>"; };
		BA7C5142290B331A001C9D5E /* LocationViewModel.swift */ = {isa = PBXFileReference; lastKnownFileType = sourcecode.swift; path = LocationViewModel.swift; sourceTree = "<group>"; };
		BA7C5144290E1417001C9D5E /* NetworkMonitor.swift */ = {isa = PBXFileReference; lastKnownFileType = sourcecode.swift; path = NetworkMonitor.swift; sourceTree = "<group>"; };
		BA7C5146290ED81E001C9D5E /* Binding.swift */ = {isa = PBXFileReference; lastKnownFileType = sourcecode.swift; path = Binding.swift; sourceTree = "<group>"; };
		BA7C5148290EFBD6001C9D5E /* NoNetworkView.swift */ = {isa = PBXFileReference; lastKnownFileType = sourcecode.swift; path = NoNetworkView.swift; sourceTree = "<group>"; };
		BA7C514C290F61E3001C9D5E /* Constants.swift */ = {isa = PBXFileReference; lastKnownFileType = sourcecode.swift; path = Constants.swift; sourceTree = "<group>"; };
		BA7C514E290F61E3001C9D5E /* QuoteViewModel.swift */ = {isa = PBXFileReference; lastKnownFileType = sourcecode.swift; path = QuoteViewModel.swift; sourceTree = "<group>"; };
		BA7C514F290F61E3001C9D5E /* ImageViewModel.swift */ = {isa = PBXFileReference; lastKnownFileType = sourcecode.swift; path = ImageViewModel.swift; sourceTree = "<group>"; };
		BA7C5150290F61E3001C9D5E /* Assets.xcassets */ = {isa = PBXFileReference; lastKnownFileType = folder.assetcatalog; path = Assets.xcassets; sourceTree = "<group>"; };
		BA7C5152290F61E3001C9D5E /* Quote.swift */ = {isa = PBXFileReference; lastKnownFileType = sourcecode.swift; path = Quote.swift; sourceTree = "<group>"; };
		BA7C5154290F61E3001C9D5E /* Preview Assets.xcassets */ = {isa = PBXFileReference; lastKnownFileType = folder.assetcatalog; path = "Preview Assets.xcassets"; sourceTree = "<group>"; };
		BA7C5156290F61E3001C9D5E /* Base */ = {isa = PBXFileReference; lastKnownFileType = file.storyboard; name = Base; path = Base.lproj/LaunchScreen.storyboard; sourceTree = "<group>"; };
		BA7C5158290F61E3001C9D5E /* QuoteView.swift */ = {isa = PBXFileReference; lastKnownFileType = sourcecode.swift; path = QuoteView.swift; sourceTree = "<group>"; };
		BA7C5159290F61E3001C9D5E /* ImageView.swift */ = {isa = PBXFileReference; lastKnownFileType = sourcecode.swift; path = ImageView.swift; sourceTree = "<group>"; };
		BA7C515A290F61E3001C9D5E /* ContentView.swift */ = {isa = PBXFileReference; lastKnownFileType = sourcecode.swift; path = ContentView.swift; sourceTree = "<group>"; };
		BA7C515B290F61E3001C9D5E /* Info.plist */ = {isa = PBXFileReference; lastKnownFileType = text.plist.xml; path = Info.plist; sourceTree = "<group>"; };
		BA7C515C290F61E3001C9D5E /* AppMain.swift */ = {isa = PBXFileReference; lastKnownFileType = sourcecode.swift; path = AppMain.swift; sourceTree = "<group>"; };
		BA7C515D290F61E3001C9D5E /* DailyQuotes.xcodeproj */ = {isa = PBXFileReference; lastKnownFileType = "wrapper.pb-project"; name = DailyQuotes.xcodeproj; path = "../../../../../Downloads/Homework Assignment/DailyQuotes.xcodeproj"; sourceTree = "<group>"; };
		BAA23A8828E8B2CA0023D09E /* CategoryButtonList.swift */ = {isa = PBXFileReference; lastKnownFileType = sourcecode.swift; path = CategoryButtonList.swift; sourceTree = "<group>"; };
		BAA23A8B28E8B4750023D09E /* RoundedImageViewStroked.swift */ = {isa = PBXFileReference; lastKnownFileType = sourcecode.swift; path = RoundedImageViewStroked.swift; sourceTree = "<group>"; };
		BAA23A8E28E8B5C90023D09E /* BigBoldHeading.swift */ = {isa = PBXFileReference; lastKnownFileType = sourcecode.swift; path = BigBoldHeading.swift; sourceTree = "<group>"; };
		BAA23A9028E8B61E0023D09E /* BigThinHeading.swift */ = {isa = PBXFileReference; lastKnownFileType = sourcecode.swift; path = BigThinHeading.swift; sourceTree = "<group>"; };
		BAA23A9228E8B65C0023D09E /* ButtonText.swift */ = {isa = PBXFileReference; lastKnownFileType = sourcecode.swift; path = ButtonText.swift; sourceTree = "<group>"; };
		BAA23A9428E8B6AF0023D09E /* UnorderedListLabelText.swift */ = {isa = PBXFileReference; lastKnownFileType = sourcecode.swift; path = UnorderedListLabelText.swift; sourceTree = "<group>"; };
		BAA3253328E5ECD900E27F50 /* HomeTabHeader.swift */ = {isa = PBXFileReference; lastKnownFileType = sourcecode.swift; path = HomeTabHeader.swift; sourceTree = "<group>"; };
		BAA3253528E5EE2500E27F50 /* OnboardingButton.swift */ = {isa = PBXFileReference; lastKnownFileType = sourcecode.swift; path = OnboardingButton.swift; sourceTree = "<group>"; };
		BAA3253928E5EEDE00E27F50 /* CityListSectionHeader.swift */ = {isa = PBXFileReference; lastKnownFileType = sourcecode.swift; path = CityListSectionHeader.swift; sourceTree = "<group>"; };
		BAAA86DF28F70D8500ADC200 /* TriposoLocation.swift */ = {isa = PBXFileReference; lastKnownFileType = sourcecode.swift; path = TriposoLocation.swift; sourceTree = "<group>"; };
		BAAA86E228F777AD00ADC200 /* FileManager.swift */ = {isa = PBXFileReference; lastKnownFileType = sourcecode.swift; path = FileManager.swift; sourceTree = "<group>"; };
		BAAA870328FB489D00ADC200 /* Locations.xcdatamodel */ = {isa = PBXFileReference; lastKnownFileType = wrapper.xcdatamodel; path = Locations.xcdatamodel; sourceTree = "<group>"; };
		BAAA870528FB491500ADC200 /* Persistence.swift */ = {isa = PBXFileReference; lastKnownFileType = sourcecode.swift; path = Persistence.swift; sourceTree = "<group>"; };
		BAB8066E28B1CA82009E81E4 /* HomeScreen.swift */ = {isa = PBXFileReference; lastKnownFileType = sourcecode.swift; path = HomeScreen.swift; sourceTree = "<group>"; };
		BAB8067428B1D4A1009E81E4 /* RoundedImageView.swift */ = {isa = PBXFileReference; lastKnownFileType = sourcecode.swift; path = RoundedImageView.swift; sourceTree = "<group>"; };
		BAB8067628B1E03B009E81E4 /* OnBoarding.swift */ = {isa = PBXFileReference; lastKnownFileType = sourcecode.swift; path = OnBoarding.swift; sourceTree = "<group>"; };
		BAB8068428BC0166009E81E4 /* City.swift */ = {isa = PBXFileReference; lastKnownFileType = sourcecode.swift; path = City.swift; sourceTree = "<group>"; };
		BAB8068628BC8321009E81E4 /* CityViewModel.swift */ = {isa = PBXFileReference; lastKnownFileType = sourcecode.swift; path = CityViewModel.swift; sourceTree = "<group>"; };
		BAC4F492290386CA000ED870 /* TestDataRetriever.swift */ = {isa = PBXFileReference; lastKnownFileType = sourcecode.swift; path = TestDataRetriever.swift; sourceTree = "<group>"; };
		BAC4F498290391EF000ED870 /* DataRetrieverErrors.swift */ = {isa = PBXFileReference; lastKnownFileType = sourcecode.swift; path = DataRetrieverErrors.swift; sourceTree = "<group>"; };
		BAC55DA428FBA035004652DF /* Location+CoreDataProperties.swift */ = {isa = PBXFileReference; lastKnownFileType = sourcecode.swift; path = "Location+CoreDataProperties.swift"; sourceTree = "<group>"; };
		BAC55DA628FC577E004652DF /* HorizontalListView.swift */ = {isa = PBXFileReference; fileEncoding = 4; lastKnownFileType = sourcecode.swift; path = HorizontalListView.swift; sourceTree = "<group>"; };
		BAC55DA828FC58A3004652DF /* DetailView.swift */ = {isa = PBXFileReference; fileEncoding = 4; lastKnownFileType = sourcecode.swift; path = DetailView.swift; sourceTree = "<group>"; };
		BAC55DAA28FC5A90004652DF /* CityDetails.swift */ = {isa = PBXFileReference; fileEncoding = 4; lastKnownFileType = sourcecode.swift; path = CityDetails.swift; sourceTree = "<group>"; };
		BAC55DAE28FCA76F004652DF /* Double.swift */ = {isa = PBXFileReference; lastKnownFileType = sourcecode.swift; path = Double.swift; sourceTree = "<group>"; };
		BAC55DB128FCAA96004652DF /* LargeListViewElement.swift */ = {isa = PBXFileReference; lastKnownFileType = sourcecode.swift; path = LargeListViewElement.swift; sourceTree = "<group>"; };
		BAC55DB328FCAB4B004652DF /* ListElementViewHeader.swift */ = {isa = PBXFileReference; lastKnownFileType = sourcecode.swift; path = ListElementViewHeader.swift; sourceTree = "<group>"; };
		BAC55DBF28FCC0E5004652DF /* LikedCities+CoreDataClass.swift */ = {isa = PBXFileReference; lastKnownFileType = sourcecode.swift; path = "LikedCities+CoreDataClass.swift"; sourceTree = "<group>"; };
		BAC55DC028FCC0E5004652DF /* LikedCities+CoreDataProperties.swift */ = {isa = PBXFileReference; lastKnownFileType = sourcecode.swift; path = "LikedCities+CoreDataProperties.swift"; sourceTree = "<group>"; };
		BAC55DC72901C37F004652DF /* CityHopperTests.xctest */ = {isa = PBXFileReference; explicitFileType = wrapper.cfbundle; includeInIndex = 0; path = CityHopperTests.xctest; sourceTree = BUILT_PRODUCTS_DIR; };
		BAC55DD02901C501004652DF /* TestCoreDataStack.swift */ = {isa = PBXFileReference; lastKnownFileType = sourcecode.swift; path = TestCoreDataStack.swift; sourceTree = "<group>"; };
		BAC55DDE29032999004652DF /* CityHopperUITests.xctest */ = {isa = PBXFileReference; explicitFileType = wrapper.cfbundle; includeInIndex = 0; path = CityHopperUITests.xctest; sourceTree = BUILT_PRODUCTS_DIR; };
		BAC55DE029032999004652DF /* CityHopperUITests.swift */ = {isa = PBXFileReference; lastKnownFileType = sourcecode.swift; path = CityHopperUITests.swift; sourceTree = "<group>"; };
		BAC55DE229032999004652DF /* CityHopperUITestsLaunchTests.swift */ = {isa = PBXFileReference; lastKnownFileType = sourcecode.swift; path = CityHopperUITestsLaunchTests.swift; sourceTree = "<group>"; };
		BAEB2F3728B13C47002FBBAD /* City Hopper.app */ = {isa = PBXFileReference; explicitFileType = wrapper.application; includeInIndex = 0; path = "City Hopper.app"; sourceTree = BUILT_PRODUCTS_DIR; };
		BAEB2F3A28B13C47002FBBAD /* CityHopperApp.swift */ = {isa = PBXFileReference; lastKnownFileType = sourcecode.swift; path = CityHopperApp.swift; sourceTree = "<group>"; };
		BAEB2F3E28B13C4C002FBBAD /* Assets.xcassets */ = {isa = PBXFileReference; lastKnownFileType = folder.assetcatalog; path = Assets.xcassets; sourceTree = "<group>"; };
		BAEB2F4128B13C4C002FBBAD /* Preview Assets.xcassets */ = {isa = PBXFileReference; lastKnownFileType = folder.assetcatalog; path = "Preview Assets.xcassets"; sourceTree = "<group>"; };
		BAF2DF5928D64CB600E1AEF8 /* Category.swift */ = {isa = PBXFileReference; lastKnownFileType = sourcecode.swift; path = Category.swift; sourceTree = "<group>"; };
		BAF2DF5E28D66C2900E1AEF8 /* HomeTab.swift */ = {isa = PBXFileReference; lastKnownFileType = sourcecode.swift; path = HomeTab.swift; sourceTree = "<group>"; };
		BAF2DF6028D6979B00E1AEF8 /* CityListTab.swift */ = {isa = PBXFileReference; lastKnownFileType = sourcecode.swift; path = CityListTab.swift; sourceTree = "<group>"; };
		BAF2DF6528D799AC00E1AEF8 /* ListView.swift */ = {isa = PBXFileReference; lastKnownFileType = sourcecode.swift; path = ListView.swift; sourceTree = "<group>"; };
		BAF2DF6728D7C98200E1AEF8 /* ThingsToDo.swift */ = {isa = PBXFileReference; lastKnownFileType = sourcecode.swift; path = ThingsToDo.swift; sourceTree = "<group>"; };
		BAFF85E128DE370000A13F11 /* TripListTab.swift */ = {isa = PBXFileReference; lastKnownFileType = sourcecode.swift; path = TripListTab.swift; sourceTree = "<group>"; };
		BAFF85E328DE3C6C00A13F11 /* LikesListTab.swift */ = {isa = PBXFileReference; lastKnownFileType = sourcecode.swift; path = LikesListTab.swift; sourceTree = "<group>"; };
		BAFF85E528DE40E600A13F11 /* TripsViewModel.swift */ = {isa = PBXFileReference; lastKnownFileType = sourcecode.swift; path = TripsViewModel.swift; sourceTree = "<group>"; };
/* End PBXFileReference section */

/* Begin PBXFrameworksBuildPhase section */
		BAC55DC42901C37F004652DF /* Frameworks */ = {
			isa = PBXFrameworksBuildPhase;
			buildActionMask = 2147483647;
			files = (
			);
			runOnlyForDeploymentPostprocessing = 0;
		};
		BAC55DDB29032999004652DF /* Frameworks */ = {
			isa = PBXFrameworksBuildPhase;
			buildActionMask = 2147483647;
			files = (
			);
			runOnlyForDeploymentPostprocessing = 0;
		};
		BAEB2F3428B13C47002FBBAD /* Frameworks */ = {
			isa = PBXFrameworksBuildPhase;
			buildActionMask = 2147483647;
			files = (
			);
			runOnlyForDeploymentPostprocessing = 0;
		};
/* End PBXFrameworksBuildPhase section */

/* Begin PBXGroup section */
		BA337EAA28F3B3B4004B3AE4 /* HTTPErrorCode */ = {
			isa = PBXGroup;
			children = (
				BA337EAB28F3B3D9004B3AE4 /* HTTPErrorCode.swift */,
			);
			path = HTTPErrorCode;
			sourceTree = "<group>";
		};
		BA350B1C28F0978F008B3FFA /* Configuration */ = {
			isa = PBXGroup;
			children = (
				BA350B1E28F09B5F008B3FFA /* Secrets.xcconfig */,
			);
			path = Configuration;
			sourceTree = "<group>";
		};
		BA350B2528F26F37008B3FFA /* LaunchScreen */ = {
			isa = PBXGroup;
			children = (
				BA350B2328F233B7008B3FFA /* LaunchScreen.swift */,
				BA350B2628F26F4B008B3FFA /* Components */,
			);
			path = LaunchScreen;
			sourceTree = "<group>";
		};
		BA350B2628F26F4B008B3FFA /* Components */ = {
			isa = PBXGroup;
			children = (
				BA350B2728F26F78008B3FFA /* RotatingGlobe.swift */,
				BA350B2B28F33F5C008B3FFA /* AnimatedAppName.swift */,
			);
			path = Components;
			sourceTree = "<group>";
		};
		BA350B2D28F37454008B3FFA /* HomeScreen */ = {
			isa = PBXGroup;
			children = (
				BAB8066E28B1CA82009E81E4 /* HomeScreen.swift */,
				BA350B2E28F37510008B3FFA /* Components */,
			);
			path = HomeScreen;
			sourceTree = "<group>";
		};
		BA350B2E28F37510008B3FFA /* Components */ = {
			isa = PBXGroup;
			children = (
				BA350B2F28F3753F008B3FFA /* HomeTabView.swift */,
			);
			path = Components;
			sourceTree = "<group>";
		};
		BA3CF11C28E12DA700C7D1B4 /* Resources */ = {
			isa = PBXGroup;
			children = (
				BA7C514A290F61B3001C9D5E /* DailyQuotes */,
				BA3CF11D28E12DF800C7D1B4 /* DataModel-09252022.png */,
			);
			path = Resources;
			sourceTree = "<group>";
		};
		BA5B482628B1C51500308D00 /* App */ = {
			isa = PBXGroup;
			children = (
				BAEB2F3E28B13C4C002FBBAD /* Assets.xcassets */,
				BAEB2F3A28B13C47002FBBAD /* CityHopperApp.swift */,
			);
			path = App;
			sourceTree = "<group>";
		};
		BA5B482728B1C53600308D00 /* Views */ = {
			isa = PBXGroup;
			children = (
				BAF2DF6428D6CD9000E1AEF8 /* ReusableViews */,
				BAAA86DE28F66C0600ADC200 /* Modifiers */,
				BA350B2528F26F37008B3FFA /* LaunchScreen */,
				BA350B2D28F37454008B3FFA /* HomeScreen */,
				BAF2DF5D28D66C0500E1AEF8 /* TabViews */,
				BAB8067628B1E03B009E81E4 /* OnBoarding.swift */,
				BAA3253B28E5EFE200E27F50 /* DetailView */,
				BAF2DF6728D7C98200E1AEF8 /* ThingsToDo.swift */,
				BA3CF11728DFEDAD00C7D1B4 /* NewTripView.swift */,
				BA7C5148290EFBD6001C9D5E /* NoNetworkView.swift */,
			);
			path = Views;
			sourceTree = "<group>";
		};
		BA5B482828B1C55B00308D00 /* Model */ = {
			isa = PBXGroup;
			children = (
				BAB855002909BE4900E45274 /* Trips */,
				BAC55DBA28FCBF01004652DF /* LikedCity */,
				BA68374028FB9B71006548F8 /* Location */,
				BAB8068428BC0166009E81E4 /* City.swift */,
				BAF2DF5928D64CB600E1AEF8 /* Category.swift */,
				BAAA870528FB491500ADC200 /* Persistence.swift */,
			);
			path = Model;
			sourceTree = "<group>";
		};
		BA68374028FB9B71006548F8 /* Location */ = {
			isa = PBXGroup;
			children = (
				BAAA86DF28F70D8500ADC200 /* TriposoLocation.swift */,
				BA68374128FB9B9B006548F8 /* Location+CoreDataClass.swift */,
				BAC55DA428FBA035004652DF /* Location+CoreDataProperties.swift */,
			);
			path = Location;
			sourceTree = "<group>";
		};
		BA7C514A290F61B3001C9D5E /* DailyQuotes */ = {
			isa = PBXGroup;
			children = (
				BA7C514B290F61E3001C9D5E /* DailyQuotes */,
				BA7C515D290F61E3001C9D5E /* DailyQuotes.xcodeproj */,
			);
			path = DailyQuotes;
			sourceTree = "<group>";
		};
		BA7C514B290F61E3001C9D5E /* DailyQuotes */ = {
			isa = PBXGroup;
			children = (
				BA7C514C290F61E3001C9D5E /* Constants.swift */,
				BA7C514D290F61E3001C9D5E /* ViewModels */,
				BA7C5150290F61E3001C9D5E /* Assets.xcassets */,
				BA7C5151290F61E3001C9D5E /* Models */,
				BA7C5153290F61E3001C9D5E /* Preview Content */,
				BA7C5155290F61E3001C9D5E /* LaunchScreen.storyboard */,
				BA7C5157290F61E3001C9D5E /* Views */,
				BA7C515B290F61E3001C9D5E /* Info.plist */,
				BA7C515C290F61E3001C9D5E /* AppMain.swift */,
			);
			path = DailyQuotes;
			sourceTree = "<group>";
		};
		BA7C514D290F61E3001C9D5E /* ViewModels */ = {
			isa = PBXGroup;
			children = (
				BA7C514E290F61E3001C9D5E /* QuoteViewModel.swift */,
				BA7C514F290F61E3001C9D5E /* ImageViewModel.swift */,
			);
			path = ViewModels;
			sourceTree = "<group>";
		};
		BA7C5151290F61E3001C9D5E /* Models */ = {
			isa = PBXGroup;
			children = (
				BA7C5152290F61E3001C9D5E /* Quote.swift */,
			);
			path = Models;
			sourceTree = "<group>";
		};
		BA7C5153290F61E3001C9D5E /* Preview Content */ = {
			isa = PBXGroup;
			children = (
				BA7C5154290F61E3001C9D5E /* Preview Assets.xcassets */,
			);
			path = "Preview Content";
			sourceTree = "<group>";
		};
		BA7C5157290F61E3001C9D5E /* Views */ = {
			isa = PBXGroup;
			children = (
				BA7C5158290F61E3001C9D5E /* QuoteView.swift */,
				BA7C5159290F61E3001C9D5E /* ImageView.swift */,
				BA7C515A290F61E3001C9D5E /* ContentView.swift */,
			);
			path = Views;
			sourceTree = "<group>";
		};
		BA7C515E290F61E3001C9D5E /* Products */ = {
			isa = PBXGroup;
			children = (
				BA7C5162290F61E3001C9D5E /* DailyQuotes.app */,
			);
			name = Products;
			sourceTree = "<group>";
		};
		BAA23A8528E78E2F0023D09E /* ListViews */ = {
			isa = PBXGroup;
			children = (
				BAF2DF6528D799AC00E1AEF8 /* ListView.swift */,
				BAC55DA628FC577E004652DF /* HorizontalListView.swift */,
				BAC55DB028FCAA6F004652DF /* ListViewElements */,
			);
			path = ListViews;
			sourceTree = "<group>";
		};
		BAA23A8A28E8B4460023D09E /* ImageViews */ = {
			isa = PBXGroup;
			children = (
				BAA23A8B28E8B4750023D09E /* RoundedImageViewStroked.swift */,
				BAB8067428B1D4A1009E81E4 /* RoundedImageView.swift */,
			);
			path = ImageViews;
			sourceTree = "<group>";
		};
		BAA23A8D28E8B57D0023D09E /* TextViews */ = {
			isa = PBXGroup;
			children = (
				BAA23A8E28E8B5C90023D09E /* BigBoldHeading.swift */,
				BAA23A9028E8B61E0023D09E /* BigThinHeading.swift */,
				BAA23A9228E8B65C0023D09E /* ButtonText.swift */,
				BAA23A9428E8B6AF0023D09E /* UnorderedListLabelText.swift */,
				BA350B0928E93DE6008B3FFA /* CategoryButtonIconAndText.swift */,
			);
			path = TextViews;
			sourceTree = "<group>";
		};
		BAA3253128E5EC6100E27F50 /* HomeTab */ = {
			isa = PBXGroup;
			children = (
				BAF2DF5E28D66C2900E1AEF8 /* HomeTab.swift */,
				BAA3253228E5EC8200E27F50 /* Components */,
			);
			path = HomeTab;
			sourceTree = "<group>";
		};
		BAA3253228E5EC8200E27F50 /* Components */ = {
			isa = PBXGroup;
			children = (
				BAA23A8828E8B2CA0023D09E /* CategoryButtonList.swift */,
				BAA3253328E5ECD900E27F50 /* HomeTabHeader.swift */,
				BAA3253528E5EE2500E27F50 /* OnboardingButton.swift */,
			);
			path = Components;
			sourceTree = "<group>";
		};
		BAA3253728E5EE5E00E27F50 /* CityListTab */ = {
			isa = PBXGroup;
			children = (
				BAF2DF6028D6979B00E1AEF8 /* CityListTab.swift */,
				BAA3253828E5EECB00E27F50 /* Components */,
			);
			path = CityListTab;
			sourceTree = "<group>";
		};
		BAA3253828E5EECB00E27F50 /* Components */ = {
			isa = PBXGroup;
			children = (
				BAA3253928E5EEDE00E27F50 /* CityListSectionHeader.swift */,
			);
			path = Components;
			sourceTree = "<group>";
		};
		BAA3253B28E5EFE200E27F50 /* DetailView */ = {
			isa = PBXGroup;
			children = (
				BAC55DA828FC58A3004652DF /* DetailView.swift */,
				BAA3253C28E5EFF800E27F50 /* Components */,
			);
			path = DetailView;
			sourceTree = "<group>";
		};
		BAA3253C28E5EFF800E27F50 /* Components */ = {
			isa = PBXGroup;
			children = (
				BAC55DAA28FC5A90004652DF /* CityDetails.swift */,
			);
			path = Components;
			sourceTree = "<group>";
		};
		BAAA86DE28F66C0600ADC200 /* Modifiers */ = {
			isa = PBXGroup;
			children = (
				BA3CF11528DFBEA200C7D1B4 /* EnvironmentObjectModifier.swift */,
				BA337EB028F3CA85004B3AE4 /* ViewPressModifier.swift */,
			);
			path = Modifiers;
			sourceTree = "<group>";
		};
		BAAA86E128F7779000ADC200 /* Extensions */ = {
			isa = PBXGroup;
			children = (
				BAAA86E228F777AD00ADC200 /* FileManager.swift */,
				BAC55DAE28FCA76F004652DF /* Double.swift */,
				BA7C5146290ED81E001C9D5E /* Binding.swift */,
			);
			path = Extensions;
			sourceTree = "<group>";
		};
		BAAA870128FB485F00ADC200 /* CoreData */ = {
			isa = PBXGroup;
			children = (
				BAAA870228FB489D00ADC200 /* Locations.xcdatamodeld */,
			);
			path = CoreData;
			sourceTree = "<group>";
		};
		BAB8067828B6D4F2009E81E4 /* Utilities */ = {
			isa = PBXGroup;
			children = (
				BA350B1928F07A31008B3FFA /* DataRetriever.swift */,
				BAC4F498290391EF000ED870 /* DataRetrieverErrors.swift */,
				BA337EAA28F3B3B4004B3AE4 /* HTTPErrorCode */,
				BA5B482928B1C57300308D00 /* Constants.swift */,
				BA7C5144290E1417001C9D5E /* NetworkMonitor.swift */,
			);
			path = Utilities;
			sourceTree = "<group>";
		};
		BAB855002909BE4900E45274 /* Trips */ = {
			isa = PBXGroup;
			children = (
				BA7C513C2909E4CC001C9D5E /* Trips+CoreDataClass.swift */,
				BA7C513E2909E4D2001C9D5E /* Trips+CoreDataProperties.swift */,
			);
			path = Trips;
			sourceTree = "<group>";
		};
		BAC55DB028FCAA6F004652DF /* ListViewElements */ = {
			isa = PBXGroup;
			children = (
				BAC55DB128FCAA96004652DF /* LargeListViewElement.swift */,
				BAC55DB328FCAB4B004652DF /* ListElementViewHeader.swift */,
			);
			path = ListViewElements;
			sourceTree = "<group>";
		};
		BAC55DBA28FCBF01004652DF /* LikedCity */ = {
			isa = PBXGroup;
			children = (
				BAC55DBF28FCC0E5004652DF /* LikedCities+CoreDataClass.swift */,
				BAC55DC028FCC0E5004652DF /* LikedCities+CoreDataProperties.swift */,
			);
			path = LikedCity;
			sourceTree = "<group>";
		};
		BAC55DC82901C37F004652DF /* CityHopperTests */ = {
			isa = PBXGroup;
			children = (
				BAC55DD02901C501004652DF /* TestCoreDataStack.swift */,
				BAC4F492290386CA000ED870 /* TestDataRetriever.swift */,
			);
			path = CityHopperTests;
			sourceTree = "<group>";
		};
		BAC55DDF29032999004652DF /* CityHopperUITests */ = {
			isa = PBXGroup;
			children = (
				BAC55DE029032999004652DF /* CityHopperUITests.swift */,
				BAC55DE229032999004652DF /* CityHopperUITestsLaunchTests.swift */,
			);
			path = CityHopperUITests;
			sourceTree = "<group>";
		};
		BAEB2F2E28B13C47002FBBAD = {
			isa = PBXGroup;
			children = (
				BA350B1C28F0978F008B3FFA /* Configuration */,
				BA3CF11C28E12DA700C7D1B4 /* Resources */,
				BA5B482B28B1C5CA00308D00 /* README.md */,
				BAEB2F3928B13C47002FBBAD /* CityHopper */,
				BAC55DC82901C37F004652DF /* CityHopperTests */,
				BAC55DDF29032999004652DF /* CityHopperUITests */,
				BAEB2F3828B13C47002FBBAD /* Products */,
			);
			sourceTree = "<group>";
		};
		BAEB2F3828B13C47002FBBAD /* Products */ = {
			isa = PBXGroup;
			children = (
				BAEB2F3728B13C47002FBBAD /* City Hopper.app */,
				BAC55DC72901C37F004652DF /* CityHopperTests.xctest */,
				BAC55DDE29032999004652DF /* CityHopperUITests.xctest */,
			);
			name = Products;
			sourceTree = "<group>";
		};
		BAEB2F3928B13C47002FBBAD /* CityHopper */ = {
			isa = PBXGroup;
			children = (
				BA350B1F28F0A303008B3FFA /* Info.plist */,
				BAAA870128FB485F00ADC200 /* CoreData */,
				BAAA86E128F7779000ADC200 /* Extensions */,
				BAB8067828B6D4F2009E81E4 /* Utilities */,
				BA5B482828B1C55B00308D00 /* Model */,
				BA5B482728B1C53600308D00 /* Views */,
				BAFF85DB28DBAA4C00A13F11 /* ViewModel */,
				BA5B482628B1C51500308D00 /* App */,
				BAEB2F4028B13C4C002FBBAD /* Preview Content */,
			);
			path = CityHopper;
			sourceTree = "<group>";
		};
		BAEB2F4028B13C4C002FBBAD /* Preview Content */ = {
			isa = PBXGroup;
			children = (
				BAEB2F4128B13C4C002FBBAD /* Preview Assets.xcassets */,
			);
			path = "Preview Content";
			sourceTree = "<group>";
		};
		BAF2DF5D28D66C0500E1AEF8 /* TabViews */ = {
			isa = PBXGroup;
			children = (
				BAA3253128E5EC6100E27F50 /* HomeTab */,
				BAA3253728E5EE5E00E27F50 /* CityListTab */,
				BAFF85E128DE370000A13F11 /* TripListTab.swift */,
				BAFF85E328DE3C6C00A13F11 /* LikesListTab.swift */,
			);
			path = TabViews;
			sourceTree = "<group>";
		};
		BAF2DF6428D6CD9000E1AEF8 /* ReusableViews */ = {
			isa = PBXGroup;
			children = (
				BAA23A8D28E8B57D0023D09E /* TextViews */,
				BAA23A8A28E8B4460023D09E /* ImageViews */,
				BAA23A8528E78E2F0023D09E /* ListViews */,
				BA63588428CD2AD30021F9D3 /* UIBlurEffect.swift */,
				BA19A95B28CD0FC5006C7ABF /* ListViewElements.swift */,
			);
			path = ReusableViews;
			sourceTree = "<group>";
		};
		BAFF85DB28DBAA4C00A13F11 /* ViewModel */ = {
			isa = PBXGroup;
			children = (
				BAB8068628BC8321009E81E4 /* CityViewModel.swift */,
				BAFF85E528DE40E600A13F11 /* TripsViewModel.swift */,
				BA7C5142290B331A001C9D5E /* LocationViewModel.swift */,
			);
			path = ViewModel;
			sourceTree = "<group>";
		};
/* End PBXGroup section */

/* Begin PBXNativeTarget section */
		BAC55DC62901C37F004652DF /* CityHopperTests */ = {
			isa = PBXNativeTarget;
			buildConfigurationList = BAC55DCF2901C37F004652DF /* Build configuration list for PBXNativeTarget "CityHopperTests" */;
			buildPhases = (
				BAC55DC32901C37F004652DF /* Sources */,
				BAC55DC42901C37F004652DF /* Frameworks */,
				BAC55DC52901C37F004652DF /* Resources */,
			);
			buildRules = (
			);
			dependencies = (
				BAC55DCC2901C37F004652DF /* PBXTargetDependency */,
			);
			name = CityHopperTests;
			productName = CityHopperTests;
			productReference = BAC55DC72901C37F004652DF /* CityHopperTests.xctest */;
			productType = "com.apple.product-type.bundle.unit-test";
		};
		BAC55DDD29032999004652DF /* CityHopperUITests */ = {
			isa = PBXNativeTarget;
			buildConfigurationList = BAC55DE629032999004652DF /* Build configuration list for PBXNativeTarget "CityHopperUITests" */;
			buildPhases = (
				BAC55DDA29032999004652DF /* Sources */,
				BAC55DDB29032999004652DF /* Frameworks */,
				BAC55DDC29032999004652DF /* Resources */,
			);
			buildRules = (
			);
			dependencies = (
				BAC55DE529032999004652DF /* PBXTargetDependency */,
			);
			name = CityHopperUITests;
			productName = CityHopperUITests;
			productReference = BAC55DDE29032999004652DF /* CityHopperUITests.xctest */;
			productType = "com.apple.product-type.bundle.ui-testing";
		};
		BAEB2F3628B13C47002FBBAD /* CityHopper */ = {
			isa = PBXNativeTarget;
			buildConfigurationList = BAEB2F4528B13C4C002FBBAD /* Build configuration list for PBXNativeTarget "CityHopper" */;
			buildPhases = (
				BAEB2F3328B13C47002FBBAD /* Sources */,
				BAEB2F3428B13C47002FBBAD /* Frameworks */,
				BAEB2F3528B13C47002FBBAD /* Resources */,
				BAAA86FE28F9207D00ADC200 /* ShellScript */,
			);
			buildRules = (
			);
			dependencies = (
			);
			name = CityHopper;
			productName = CityHopper;
			productReference = BAEB2F3728B13C47002FBBAD /* City Hopper.app */;
			productType = "com.apple.product-type.application";
		};
/* End PBXNativeTarget section */

/* Begin PBXProject section */
		BAEB2F2F28B13C47002FBBAD /* Project object */ = {
			isa = PBXProject;
			attributes = {
				BuildIndependentTargetsInParallel = 1;
				LastSwiftUpdateCheck = 1340;
				LastUpgradeCheck = 1340;
				TargetAttributes = {
					BAC55DC62901C37F004652DF = {
						CreatedOnToolsVersion = 13.4.1;
						TestTargetID = BAEB2F3628B13C47002FBBAD;
					};
					BAC55DDD29032999004652DF = {
						CreatedOnToolsVersion = 13.4.1;
						TestTargetID = BAEB2F3628B13C47002FBBAD;
					};
					BAEB2F3628B13C47002FBBAD = {
						CreatedOnToolsVersion = 13.4.1;
					};
				};
			};
			buildConfigurationList = BAEB2F3228B13C47002FBBAD /* Build configuration list for PBXProject "CityHopper" */;
			compatibilityVersion = "Xcode 13.0";
			developmentRegion = en;
			hasScannedForEncodings = 0;
			knownRegions = (
				en,
				Base,
			);
			mainGroup = BAEB2F2E28B13C47002FBBAD;
			productRefGroup = BAEB2F3828B13C47002FBBAD /* Products */;
			projectDirPath = "";
			projectReferences = (
				{
					ProductGroup = BA7C515E290F61E3001C9D5E /* Products */;
					ProjectRef = BA7C515D290F61E3001C9D5E /* DailyQuotes.xcodeproj */;
				},
			);
			projectRoot = "";
			targets = (
				BAEB2F3628B13C47002FBBAD /* CityHopper */,
				BAC55DC62901C37F004652DF /* CityHopperTests */,
				BAC55DDD29032999004652DF /* CityHopperUITests */,
			);
		};
/* End PBXProject section */

/* Begin PBXReferenceProxy section */
		BA7C5162290F61E3001C9D5E /* DailyQuotes.app */ = {
			isa = PBXReferenceProxy;
			fileType = wrapper.application;
			path = DailyQuotes.app;
			remoteRef = BA7C5161290F61E3001C9D5E /* PBXContainerItemProxy */;
			sourceTree = BUILT_PRODUCTS_DIR;
		};
/* End PBXReferenceProxy section */

/* Begin PBXResourcesBuildPhase section */
		BAC55DC52901C37F004652DF /* Resources */ = {
			isa = PBXResourcesBuildPhase;
			buildActionMask = 2147483647;
			files = (
			);
			runOnlyForDeploymentPostprocessing = 0;
		};
		BAC55DDC29032999004652DF /* Resources */ = {
			isa = PBXResourcesBuildPhase;
			buildActionMask = 2147483647;
			files = (
			);
			runOnlyForDeploymentPostprocessing = 0;
		};
		BAEB2F3528B13C47002FBBAD /* Resources */ = {
			isa = PBXResourcesBuildPhase;
			buildActionMask = 2147483647;
			files = (
				BAEB2F4228B13C4C002FBBAD /* Preview Assets.xcassets in Resources */,
				BAEB2F3F28B13C4C002FBBAD /* Assets.xcassets in Resources */,
				BA3CF11E28E12DF800C7D1B4 /* DataModel-09252022.png in Resources */,
			);
			runOnlyForDeploymentPostprocessing = 0;
		};
/* End PBXResourcesBuildPhase section */

/* Begin PBXShellScriptBuildPhase section */
		BAAA86FE28F9207D00ADC200 /* ShellScript */ = {
			isa = PBXShellScriptBuildPhase;
			buildActionMask = 2147483647;
			files = (
			);
			inputFileListPaths = (
			);
			inputPaths = (
			);
			outputFileListPaths = (
			);
			outputPaths = (
			);
			runOnlyForDeploymentPostprocessing = 0;
			shellPath = /bin/sh;
			shellScript = "# Type a script or drag a script file from your workspace to insert its path.\nif which swiftlint >/dev/null; then\n  swiftlint\nelse\n  echo \"Warning Swiftlint not installed\"\nfi\n";
		};
/* End PBXShellScriptBuildPhase section */

/* Begin PBXSourcesBuildPhase section */
		BAC55DC32901C37F004652DF /* Sources */ = {
			isa = PBXSourcesBuildPhase;
			buildActionMask = 2147483647;
			files = (
				BAC55DD52901CAC2004652DF /* Location+CoreDataClass.swift in Sources */,
				BAC55DD12901C501004652DF /* TestCoreDataStack.swift in Sources */,
				BAC55DD929023F25004652DF /* Locations.xcdatamodeld in Sources */,
				BAC4F49A2903921B000ED870 /* DataRetrieverErrors.swift in Sources */,
				BAC55DD42901CABD004652DF /* TriposoLocation.swift in Sources */,
				BAC4F4942903878A000ED870 /* DataRetriever.swift in Sources */,
				BAC55DD22901CA99004652DF /* Persistence.swift in Sources */,
				BAC55DD72901CB35004652DF /* LikedCities+CoreDataClass.swift in Sources */,
				BAC4F497290388F0000ED870 /* Constants.swift in Sources */,
				BAC4F495290388D2000ED870 /* FileManager.swift in Sources */,
				BAC55DD62901CAC7004652DF /* Location+CoreDataProperties.swift in Sources */,
				BAC55DD82901CB38004652DF /* LikedCities+CoreDataProperties.swift in Sources */,
				BAC4F493290386CA000ED870 /* TestDataRetriever.swift in Sources */,
				BAC4F496290388EB000ED870 /* HTTPErrorCode.swift in Sources */,
			);
			runOnlyForDeploymentPostprocessing = 0;
		};
		BAC55DDA29032999004652DF /* Sources */ = {
			isa = PBXSourcesBuildPhase;
			buildActionMask = 2147483647;
			files = (
				BAC55DE129032999004652DF /* CityHopperUITests.swift in Sources */,
				BAC55DE329032999004652DF /* CityHopperUITestsLaunchTests.swift in Sources */,
			);
			runOnlyForDeploymentPostprocessing = 0;
		};
		BAEB2F3328B13C47002FBBAD /* Sources */ = {
			isa = PBXSourcesBuildPhase;
			buildActionMask = 2147483647;
			files = (
				BA350B2428F233B7008B3FFA /* LaunchScreen.swift in Sources */,
				BAAA870428FB489D00ADC200 /* Locations.xcdatamodeld in Sources */,
				BA350B1A28F07A31008B3FFA /* DataRetriever.swift in Sources */,
				BAC55DB228FCAA96004652DF /* LargeListViewElement.swift in Sources */,
				BA3CF11828DFEDAD00C7D1B4 /* NewTripView.swift in Sources */,
				BAC55DA728FC577E004652DF /* HorizontalListView.swift in Sources */,
				BAB8066F28B1CA82009E81E4 /* HomeScreen.swift in Sources */,
				BAB8068728BC8321009E81E4 /* CityViewModel.swift in Sources */,
				BAFF85E628DE40E600A13F11 /* TripsViewModel.swift in Sources */,
				BAFF85E228DE370000A13F11 /* TripListTab.swift in Sources */,
				BA7C513D2909E4CC001C9D5E /* Trips+CoreDataClass.swift in Sources */,
				BAA23A9328E8B65C0023D09E /* ButtonText.swift in Sources */,
				BAA23A8928E8B2CB0023D09E /* CategoryButtonList.swift in Sources */,
				BA337EAC28F3B3D9004B3AE4 /* HTTPErrorCode.swift in Sources */,
				BA350B0A28E93DE6008B3FFA /* CategoryButtonIconAndText.swift in Sources */,
				BAA23A8C28E8B4750023D09E /* RoundedImageViewStroked.swift in Sources */,
				BAC55DB428FCAB4B004652DF /* ListElementViewHeader.swift in Sources */,
				BAF2DF6128D6979B00E1AEF8 /* CityListTab.swift in Sources */,
				BAB8067528B1D4A1009E81E4 /* RoundedImageView.swift in Sources */,
				BA63588528CD2AD30021F9D3 /* UIBlurEffect.swift in Sources */,
				BAF2DF5F28D66C2900E1AEF8 /* HomeTab.swift in Sources */,
				BA350B2828F26F78008B3FFA /* RotatingGlobe.swift in Sources */,
				BA7C5145290E1417001C9D5E /* NetworkMonitor.swift in Sources */,
				BAA23A9128E8B61E0023D09E /* BigThinHeading.swift in Sources */,
				BA337EB128F3CA85004B3AE4 /* ViewPressModifier.swift in Sources */,
				BAC55DA928FC58A3004652DF /* DetailView.swift in Sources */,
				BA3CF11628DFBEA200C7D1B4 /* EnvironmentObjectModifier.swift in Sources */,
				BAC55DC128FCC0E5004652DF /* LikedCities+CoreDataClass.swift in Sources */,
				BAFF85E428DE3C6C00A13F11 /* LikesListTab.swift in Sources */,
				BAC55DA528FBA035004652DF /* Location+CoreDataProperties.swift in Sources */,
				BAA23A8F28E8B5C90023D09E /* BigBoldHeading.swift in Sources */,
				BAAA870628FB491500ADC200 /* Persistence.swift in Sources */,
				BA7C5149290EFBD6001C9D5E /* NoNetworkView.swift in Sources */,
				BA7C513F2909E4D2001C9D5E /* Trips+CoreDataProperties.swift in Sources */,
				BAA23A9528E8B6AF0023D09E /* UnorderedListLabelText.swift in Sources */,
				BAA3253A28E5EEDE00E27F50 /* CityListSectionHeader.swift in Sources */,
				BA19A95C28CD0FC5006C7ABF /* ListViewElements.swift in Sources */,
				BA68374228FB9B9B006548F8 /* Location+CoreDataClass.swift in Sources */,
				BA7C5143290B331A001C9D5E /* LocationViewModel.swift in Sources */,
				BAAA86E328F777AD00ADC200 /* FileManager.swift in Sources */,
				BAF2DF6828D7C98200E1AEF8 /* ThingsToDo.swift in Sources */,
				BA350B2C28F33F5C008B3FFA /* AnimatedAppName.swift in Sources */,
				BA7C5147290ED81E001C9D5E /* Binding.swift in Sources */,
				BAA3253428E5ECD900E27F50 /* HomeTabHeader.swift in Sources */,
				BAF2DF5A28D64CB600E1AEF8 /* Category.swift in Sources */,
				BA350B3028F3753F008B3FFA /* HomeTabView.swift in Sources */,
				BAF2DF6628D799AC00E1AEF8 /* ListView.swift in Sources */,
				BAC4F499290391EF000ED870 /* DataRetrieverErrors.swift in Sources */,
				BAC55DC228FCC0E5004652DF /* LikedCities+CoreDataProperties.swift in Sources */,
				BAEB2F3B28B13C47002FBBAD /* CityHopperApp.swift in Sources */,
				BAB8068528BC0166009E81E4 /* City.swift in Sources */,
				BAB8067728B1E03B009E81E4 /* OnBoarding.swift in Sources */,
				BA5B482A28B1C57300308D00 /* Constants.swift in Sources */,
				BAA3253628E5EE2500E27F50 /* OnboardingButton.swift in Sources */,
				BAC55DAB28FC5A90004652DF /* CityDetails.swift in Sources */,
				BAC55DAF28FCA76F004652DF /* Double.swift in Sources */,
				BAAA86E028F70D8500ADC200 /* TriposoLocation.swift in Sources */,
			);
			runOnlyForDeploymentPostprocessing = 0;
		};
/* End PBXSourcesBuildPhase section */

/* Begin PBXTargetDependency section */
		BAC55DCC2901C37F004652DF /* PBXTargetDependency */ = {
			isa = PBXTargetDependency;
			target = BAEB2F3628B13C47002FBBAD /* CityHopper */;
			targetProxy = BAC55DCB2901C37F004652DF /* PBXContainerItemProxy */;
		};
		BAC55DE529032999004652DF /* PBXTargetDependency */ = {
			isa = PBXTargetDependency;
			target = BAEB2F3628B13C47002FBBAD /* CityHopper */;
			targetProxy = BAC55DE429032999004652DF /* PBXContainerItemProxy */;
		};
/* End PBXTargetDependency section */

/* Begin PBXVariantGroup section */
		BA7C5155290F61E3001C9D5E /* LaunchScreen.storyboard */ = {
			isa = PBXVariantGroup;
			children = (
				BA7C5156290F61E3001C9D5E /* Base */,
			);
			name = LaunchScreen.storyboard;
			sourceTree = "<group>";
		};
/* End PBXVariantGroup section */

/* Begin XCBuildConfiguration section */
		BAC55DCD2901C37F004652DF /* Debug */ = {
			isa = XCBuildConfiguration;
			buildSettings = {
				BUNDLE_LOADER = "$(TEST_HOST)";
				CODE_SIGN_STYLE = Automatic;
				CURRENT_PROJECT_VERSION = 1;
				DEVELOPMENT_TEAM = BBK84N9JY9;
				GENERATE_INFOPLIST_FILE = YES;
				MARKETING_VERSION = 1.0;
				PRODUCT_BUNDLE_IDENTIFIER = com.ehjconsultancy.com.CityHopperTests;
				PRODUCT_NAME = "$(TARGET_NAME)";
				SWIFT_EMIT_LOC_STRINGS = NO;
				SWIFT_VERSION = 5.0;
				TARGETED_DEVICE_FAMILY = "1,2";
				TEST_HOST = "$(BUILT_PRODUCTS_DIR)/City Hopper.app/City Hopper";
			};
			name = Debug;
		};
		BAC55DCE2901C37F004652DF /* Release */ = {
			isa = XCBuildConfiguration;
			buildSettings = {
				BUNDLE_LOADER = "$(TEST_HOST)";
				CODE_SIGN_STYLE = Automatic;
				CURRENT_PROJECT_VERSION = 1;
				DEVELOPMENT_TEAM = BBK84N9JY9;
				GENERATE_INFOPLIST_FILE = YES;
				MARKETING_VERSION = 1.0;
				PRODUCT_BUNDLE_IDENTIFIER = com.ehjconsultancy.com.CityHopperTests;
				PRODUCT_NAME = "$(TARGET_NAME)";
				SWIFT_EMIT_LOC_STRINGS = NO;
				SWIFT_VERSION = 5.0;
				TARGETED_DEVICE_FAMILY = "1,2";
				TEST_HOST = "$(BUILT_PRODUCTS_DIR)/City Hopper.app/City Hopper";
			};
			name = Release;
		};
		BAC55DE729032999004652DF /* Debug */ = {
			isa = XCBuildConfiguration;
			buildSettings = {
				CODE_SIGN_STYLE = Automatic;
				CURRENT_PROJECT_VERSION = 1;
				DEVELOPMENT_TEAM = BBK84N9JY9;
				GENERATE_INFOPLIST_FILE = YES;
				MARKETING_VERSION = 1.0;
				PRODUCT_BUNDLE_IDENTIFIER = com.ehjconsultancy.com.CityHopperUITests;
				PRODUCT_NAME = "$(TARGET_NAME)";
				SWIFT_EMIT_LOC_STRINGS = NO;
				SWIFT_VERSION = 5.0;
				TARGETED_DEVICE_FAMILY = "1,2";
				TEST_TARGET_NAME = CityHopper;
			};
			name = Debug;
		};
		BAC55DE829032999004652DF /* Release */ = {
			isa = XCBuildConfiguration;
			buildSettings = {
				CODE_SIGN_STYLE = Automatic;
				CURRENT_PROJECT_VERSION = 1;
				DEVELOPMENT_TEAM = BBK84N9JY9;
				GENERATE_INFOPLIST_FILE = YES;
				MARKETING_VERSION = 1.0;
				PRODUCT_BUNDLE_IDENTIFIER = com.ehjconsultancy.com.CityHopperUITests;
				PRODUCT_NAME = "$(TARGET_NAME)";
				SWIFT_EMIT_LOC_STRINGS = NO;
				SWIFT_VERSION = 5.0;
				TARGETED_DEVICE_FAMILY = "1,2";
				TEST_TARGET_NAME = CityHopper;
			};
			name = Release;
		};
		BAEB2F4328B13C4C002FBBAD /* Debug */ = {
			isa = XCBuildConfiguration;
			baseConfigurationReference = BA350B1E28F09B5F008B3FFA /* Secrets.xcconfig */;
			buildSettings = {
				ALWAYS_SEARCH_USER_PATHS = NO;
				CLANG_ANALYZER_NONNULL = YES;
				CLANG_ANALYZER_NUMBER_OBJECT_CONVERSION = YES_AGGRESSIVE;
				CLANG_CXX_LANGUAGE_STANDARD = "gnu++17";
				CLANG_ENABLE_MODULES = YES;
				CLANG_ENABLE_OBJC_ARC = YES;
				CLANG_ENABLE_OBJC_WEAK = YES;
				CLANG_WARN_BLOCK_CAPTURE_AUTORELEASING = YES;
				CLANG_WARN_BOOL_CONVERSION = YES;
				CLANG_WARN_COMMA = YES;
				CLANG_WARN_CONSTANT_CONVERSION = YES;
				CLANG_WARN_DEPRECATED_OBJC_IMPLEMENTATIONS = YES;
				CLANG_WARN_DIRECT_OBJC_ISA_USAGE = YES_ERROR;
				CLANG_WARN_DOCUMENTATION_COMMENTS = YES;
				CLANG_WARN_EMPTY_BODY = YES;
				CLANG_WARN_ENUM_CONVERSION = YES;
				CLANG_WARN_INFINITE_RECURSION = YES;
				CLANG_WARN_INT_CONVERSION = YES;
				CLANG_WARN_NON_LITERAL_NULL_CONVERSION = YES;
				CLANG_WARN_OBJC_IMPLICIT_RETAIN_SELF = YES;
				CLANG_WARN_OBJC_LITERAL_CONVERSION = YES;
				CLANG_WARN_OBJC_ROOT_CLASS = YES_ERROR;
				CLANG_WARN_QUOTED_INCLUDE_IN_FRAMEWORK_HEADER = YES;
				CLANG_WARN_RANGE_LOOP_ANALYSIS = YES;
				CLANG_WARN_STRICT_PROTOTYPES = YES;
				CLANG_WARN_SUSPICIOUS_MOVE = YES;
				CLANG_WARN_UNGUARDED_AVAILABILITY = YES_AGGRESSIVE;
				CLANG_WARN_UNREACHABLE_CODE = YES;
				CLANG_WARN__DUPLICATE_METHOD_MATCH = YES;
				COPY_PHASE_STRIP = NO;
				DEBUG_INFORMATION_FORMAT = dwarf;
				ENABLE_STRICT_OBJC_MSGSEND = YES;
				ENABLE_TESTABILITY = YES;
				GCC_C_LANGUAGE_STANDARD = gnu11;
				GCC_DYNAMIC_NO_PIC = NO;
				GCC_NO_COMMON_BLOCKS = YES;
				GCC_OPTIMIZATION_LEVEL = 0;
				GCC_PREPROCESSOR_DEFINITIONS = (
					"DEBUG=1",
					"$(inherited)",
				);
				GCC_WARN_64_TO_32_BIT_CONVERSION = YES;
				GCC_WARN_ABOUT_RETURN_TYPE = YES_ERROR;
				GCC_WARN_UNDECLARED_SELECTOR = YES;
				GCC_WARN_UNINITIALIZED_AUTOS = YES_AGGRESSIVE;
				GCC_WARN_UNUSED_FUNCTION = YES;
				GCC_WARN_UNUSED_VARIABLE = YES;
				IPHONEOS_DEPLOYMENT_TARGET = 15.5;
				MTL_ENABLE_DEBUG_INFO = INCLUDE_SOURCE;
				MTL_FAST_MATH = YES;
				ONLY_ACTIVE_ARCH = YES;
				SDKROOT = iphoneos;
				SWIFT_ACTIVE_COMPILATION_CONDITIONS = DEBUG;
				SWIFT_OPTIMIZATION_LEVEL = "-Onone";
			};
			name = Debug;
		};
		BAEB2F4428B13C4C002FBBAD /* Release */ = {
			isa = XCBuildConfiguration;
			baseConfigurationReference = BA350B1E28F09B5F008B3FFA /* Secrets.xcconfig */;
			buildSettings = {
				ALWAYS_SEARCH_USER_PATHS = NO;
				CLANG_ANALYZER_NONNULL = YES;
				CLANG_ANALYZER_NUMBER_OBJECT_CONVERSION = YES_AGGRESSIVE;
				CLANG_CXX_LANGUAGE_STANDARD = "gnu++17";
				CLANG_ENABLE_MODULES = YES;
				CLANG_ENABLE_OBJC_ARC = YES;
				CLANG_ENABLE_OBJC_WEAK = YES;
				CLANG_WARN_BLOCK_CAPTURE_AUTORELEASING = YES;
				CLANG_WARN_BOOL_CONVERSION = YES;
				CLANG_WARN_COMMA = YES;
				CLANG_WARN_CONSTANT_CONVERSION = YES;
				CLANG_WARN_DEPRECATED_OBJC_IMPLEMENTATIONS = YES;
				CLANG_WARN_DIRECT_OBJC_ISA_USAGE = YES_ERROR;
				CLANG_WARN_DOCUMENTATION_COMMENTS = YES;
				CLANG_WARN_EMPTY_BODY = YES;
				CLANG_WARN_ENUM_CONVERSION = YES;
				CLANG_WARN_INFINITE_RECURSION = YES;
				CLANG_WARN_INT_CONVERSION = YES;
				CLANG_WARN_NON_LITERAL_NULL_CONVERSION = YES;
				CLANG_WARN_OBJC_IMPLICIT_RETAIN_SELF = YES;
				CLANG_WARN_OBJC_LITERAL_CONVERSION = YES;
				CLANG_WARN_OBJC_ROOT_CLASS = YES_ERROR;
				CLANG_WARN_QUOTED_INCLUDE_IN_FRAMEWORK_HEADER = YES;
				CLANG_WARN_RANGE_LOOP_ANALYSIS = YES;
				CLANG_WARN_STRICT_PROTOTYPES = YES;
				CLANG_WARN_SUSPICIOUS_MOVE = YES;
				CLANG_WARN_UNGUARDED_AVAILABILITY = YES_AGGRESSIVE;
				CLANG_WARN_UNREACHABLE_CODE = YES;
				CLANG_WARN__DUPLICATE_METHOD_MATCH = YES;
				COPY_PHASE_STRIP = NO;
				DEBUG_INFORMATION_FORMAT = "dwarf-with-dsym";
				ENABLE_NS_ASSERTIONS = NO;
				ENABLE_STRICT_OBJC_MSGSEND = YES;
				GCC_C_LANGUAGE_STANDARD = gnu11;
				GCC_NO_COMMON_BLOCKS = YES;
				GCC_WARN_64_TO_32_BIT_CONVERSION = YES;
				GCC_WARN_ABOUT_RETURN_TYPE = YES_ERROR;
				GCC_WARN_UNDECLARED_SELECTOR = YES;
				GCC_WARN_UNINITIALIZED_AUTOS = YES_AGGRESSIVE;
				GCC_WARN_UNUSED_FUNCTION = YES;
				GCC_WARN_UNUSED_VARIABLE = YES;
				IPHONEOS_DEPLOYMENT_TARGET = 15.5;
				MTL_ENABLE_DEBUG_INFO = NO;
				MTL_FAST_MATH = YES;
				SDKROOT = iphoneos;
				SWIFT_COMPILATION_MODE = wholemodule;
				SWIFT_OPTIMIZATION_LEVEL = "-O";
				VALIDATE_PRODUCT = YES;
			};
			name = Release;
		};
		BAEB2F4628B13C4C002FBBAD /* Debug */ = {
			isa = XCBuildConfiguration;
			buildSettings = {
				ASSETCATALOG_COMPILER_APPICON_NAME = AppIcon;
				ASSETCATALOG_COMPILER_GLOBAL_ACCENT_COLOR_NAME = AccentColor;
				CODE_SIGN_STYLE = Automatic;
				CURRENT_PROJECT_VERSION = 1;
				DEVELOPMENT_ASSET_PATHS = "\"CityHopper/Preview Content\"";
				DEVELOPMENT_TEAM = BBK84N9JY9;
				ENABLE_PREVIEWS = YES;
				GENERATE_INFOPLIST_FILE = YES;
				INFOPLIST_FILE = CityHopper/Info.plist;
				INFOPLIST_KEY_UIApplicationSceneManifest_Generation = YES;
				INFOPLIST_KEY_UIApplicationSupportsIndirectInputEvents = YES;
				INFOPLIST_KEY_UILaunchScreen_Generation = YES;
				INFOPLIST_KEY_UISupportedInterfaceOrientations = "UIInterfaceOrientationPortrait UIInterfaceOrientationPortraitUpsideDown";
				INFOPLIST_KEY_UISupportedInterfaceOrientations_iPad = "UIInterfaceOrientationPortrait UIInterfaceOrientationPortraitUpsideDown UIInterfaceOrientationLandscapeLeft UIInterfaceOrientationLandscapeRight";
				INFOPLIST_KEY_UISupportedInterfaceOrientations_iPhone = "UIInterfaceOrientationPortrait UIInterfaceOrientationLandscapeLeft UIInterfaceOrientationLandscapeRight";
				LD_RUNPATH_SEARCH_PATHS = (
					"$(inherited)",
					"@executable_path/Frameworks",
				);
				MARKETING_VERSION = 1.0;
				PRODUCT_BUNDLE_IDENTIFIER = com.ehjconsultancy.com.CityHopper;
				PRODUCT_NAME = "City Hopper";
				SWIFT_EMIT_LOC_STRINGS = YES;
				SWIFT_VERSION = 5.0;
				TARGETED_DEVICE_FAMILY = "1,2";
			};
			name = Debug;
		};
		BAEB2F4728B13C4C002FBBAD /* Release */ = {
			isa = XCBuildConfiguration;
			buildSettings = {
				ASSETCATALOG_COMPILER_APPICON_NAME = AppIcon;
				ASSETCATALOG_COMPILER_GLOBAL_ACCENT_COLOR_NAME = AccentColor;
				CODE_SIGN_STYLE = Automatic;
				CURRENT_PROJECT_VERSION = 1;
				DEVELOPMENT_ASSET_PATHS = "\"CityHopper/Preview Content\"";
				DEVELOPMENT_TEAM = BBK84N9JY9;
				ENABLE_PREVIEWS = YES;
				GENERATE_INFOPLIST_FILE = YES;
				INFOPLIST_FILE = CityHopper/Info.plist;
				INFOPLIST_KEY_UIApplicationSceneManifest_Generation = YES;
				INFOPLIST_KEY_UIApplicationSupportsIndirectInputEvents = YES;
				INFOPLIST_KEY_UILaunchScreen_Generation = YES;
				INFOPLIST_KEY_UISupportedInterfaceOrientations = "UIInterfaceOrientationPortrait UIInterfaceOrientationPortraitUpsideDown";
				INFOPLIST_KEY_UISupportedInterfaceOrientations_iPad = "UIInterfaceOrientationPortrait UIInterfaceOrientationPortraitUpsideDown UIInterfaceOrientationLandscapeLeft UIInterfaceOrientationLandscapeRight";
				INFOPLIST_KEY_UISupportedInterfaceOrientations_iPhone = "UIInterfaceOrientationPortrait UIInterfaceOrientationLandscapeLeft UIInterfaceOrientationLandscapeRight";
				LD_RUNPATH_SEARCH_PATHS = (
					"$(inherited)",
					"@executable_path/Frameworks",
				);
				MARKETING_VERSION = 1.0;
				PRODUCT_BUNDLE_IDENTIFIER = com.ehjconsultancy.com.CityHopper;
				PRODUCT_NAME = "City Hopper";
				SWIFT_EMIT_LOC_STRINGS = YES;
				SWIFT_VERSION = 5.0;
				TARGETED_DEVICE_FAMILY = "1,2";
			};
			name = Release;
		};
/* End XCBuildConfiguration section */

/* Begin XCConfigurationList section */
		BAC55DCF2901C37F004652DF /* Build configuration list for PBXNativeTarget "CityHopperTests" */ = {
			isa = XCConfigurationList;
			buildConfigurations = (
				BAC55DCD2901C37F004652DF /* Debug */,
				BAC55DCE2901C37F004652DF /* Release */,
			);
			defaultConfigurationIsVisible = 0;
			defaultConfigurationName = Release;
		};
		BAC55DE629032999004652DF /* Build configuration list for PBXNativeTarget "CityHopperUITests" */ = {
			isa = XCConfigurationList;
			buildConfigurations = (
				BAC55DE729032999004652DF /* Debug */,
				BAC55DE829032999004652DF /* Release */,
			);
			defaultConfigurationIsVisible = 0;
			defaultConfigurationName = Release;
		};
		BAEB2F3228B13C47002FBBAD /* Build configuration list for PBXProject "CityHopper" */ = {
			isa = XCConfigurationList;
			buildConfigurations = (
				BAEB2F4328B13C4C002FBBAD /* Debug */,
				BAEB2F4428B13C4C002FBBAD /* Release */,
			);
			defaultConfigurationIsVisible = 0;
			defaultConfigurationName = Release;
		};
		BAEB2F4528B13C4C002FBBAD /* Build configuration list for PBXNativeTarget "CityHopper" */ = {
			isa = XCConfigurationList;
			buildConfigurations = (
				BAEB2F4628B13C4C002FBBAD /* Debug */,
				BAEB2F4728B13C4C002FBBAD /* Release */,
			);
			defaultConfigurationIsVisible = 0;
			defaultConfigurationName = Release;
		};
/* End XCConfigurationList section */

/* Begin XCVersionGroup section */
		BAAA870228FB489D00ADC200 /* Locations.xcdatamodeld */ = {
			isa = XCVersionGroup;
			children = (
				BAAA870328FB489D00ADC200 /* Locations.xcdatamodel */,
			);
			currentVersion = BAAA870328FB489D00ADC200 /* Locations.xcdatamodel */;
			path = Locations.xcdatamodeld;
			sourceTree = "<group>";
			versionGroupType = wrapper.xcdatamodel;
		};
/* End XCVersionGroup section */
	};
	rootObject = BAEB2F2F28B13C47002FBBAD /* Project object */;
}
