// !$*UTF8*$!
{
	archiveVersion = 1;
	classes = {
	};
	objectVersion = 55;
	objects = {

/* Begin PBXBuildFile section */
		BA19A95C28CD0FC5006C7ABF /* ListViewElements.swift in Sources */ = {isa = PBXBuildFile; fileRef = BA19A95B28CD0FC5006C7ABF /* ListViewElements.swift */; };
		BA3CF11228DE4F8F00C7D1B4 /* UserViewModel.swift in Sources */ = {isa = PBXBuildFile; fileRef = BA3CF11128DE4F8F00C7D1B4 /* UserViewModel.swift */; };
		BA5B482A28B1C57300308D00 /* Constants.swift in Sources */ = {isa = PBXBuildFile; fileRef = BA5B482928B1C57300308D00 /* Constants.swift */; };
		BA63588528CD2AD30021F9D3 /* UIBlurEffect.swift in Sources */ = {isa = PBXBuildFile; fileRef = BA63588428CD2AD30021F9D3 /* UIBlurEffect.swift */; };
		BA63588728CD3B370021F9D3 /* DetailView.swift in Sources */ = {isa = PBXBuildFile; fileRef = BA63588628CD3B370021F9D3 /* DetailView.swift */; };
		BAB8066F28B1CA82009E81E4 /* HomeScreen.swift in Sources */ = {isa = PBXBuildFile; fileRef = BAB8066E28B1CA82009E81E4 /* HomeScreen.swift */; };
		BAB8067328B1CE6E009E81E4 /* TextViews.swift in Sources */ = {isa = PBXBuildFile; fileRef = BAB8067228B1CE6E009E81E4 /* TextViews.swift */; };
		BAB8067528B1D4A1009E81E4 /* ButtonViews.swift in Sources */ = {isa = PBXBuildFile; fileRef = BAB8067428B1D4A1009E81E4 /* ButtonViews.swift */; };
		BAB8067728B1E03B009E81E4 /* OnBoarding.swift in Sources */ = {isa = PBXBuildFile; fileRef = BAB8067628B1E03B009E81E4 /* OnBoarding.swift */; };
		BAB8067D28BC0101009E81E4 /* Person.swift in Sources */ = {isa = PBXBuildFile; fileRef = BAB8067C28BC0101009E81E4 /* Person.swift */; };
		BAB8067F28BC011F009E81E4 /* Group.swift in Sources */ = {isa = PBXBuildFile; fileRef = BAB8067E28BC011F009E81E4 /* Group.swift */; };
		BAB8068128BC012A009E81E4 /* Trip.swift in Sources */ = {isa = PBXBuildFile; fileRef = BAB8068028BC012A009E81E4 /* Trip.swift */; };
		BAB8068328BC0140009E81E4 /* Review.swift in Sources */ = {isa = PBXBuildFile; fileRef = BAB8068228BC0140009E81E4 /* Review.swift */; };
		BAB8068528BC0166009E81E4 /* City.swift in Sources */ = {isa = PBXBuildFile; fileRef = BAB8068428BC0166009E81E4 /* City.swift */; };
		BAB8068728BC8321009E81E4 /* CityViewModel.swift in Sources */ = {isa = PBXBuildFile; fileRef = BAB8068628BC8321009E81E4 /* CityViewModel.swift */; };
		BAEB2F3B28B13C47002FBBAD /* CityHopperApp.swift in Sources */ = {isa = PBXBuildFile; fileRef = BAEB2F3A28B13C47002FBBAD /* CityHopperApp.swift */; };
		BAEB2F3F28B13C4C002FBBAD /* Assets.xcassets in Resources */ = {isa = PBXBuildFile; fileRef = BAEB2F3E28B13C4C002FBBAD /* Assets.xcassets */; };
		BAEB2F4228B13C4C002FBBAD /* Preview Assets.xcassets in Resources */ = {isa = PBXBuildFile; fileRef = BAEB2F4128B13C4C002FBBAD /* Preview Assets.xcassets */; };
		BAF2DF5A28D64CB600E1AEF8 /* Category.swift in Sources */ = {isa = PBXBuildFile; fileRef = BAF2DF5928D64CB600E1AEF8 /* Category.swift */; };
		BAF2DF5C28D6555500E1AEF8 /* Country.swift in Sources */ = {isa = PBXBuildFile; fileRef = BAF2DF5B28D6555500E1AEF8 /* Country.swift */; };
		BAF2DF5F28D66C2900E1AEF8 /* HomeTab.swift in Sources */ = {isa = PBXBuildFile; fileRef = BAF2DF5E28D66C2900E1AEF8 /* HomeTab.swift */; };
		BAF2DF6128D6979B00E1AEF8 /* CityListTab.swift in Sources */ = {isa = PBXBuildFile; fileRef = BAF2DF6028D6979B00E1AEF8 /* CityListTab.swift */; };
		BAF2DF6628D799AC00E1AEF8 /* ListViews.swift in Sources */ = {isa = PBXBuildFile; fileRef = BAF2DF6528D799AC00E1AEF8 /* ListViews.swift */; };
		BAF2DF6828D7C98200E1AEF8 /* ThingsToDo.swift in Sources */ = {isa = PBXBuildFile; fileRef = BAF2DF6728D7C98200E1AEF8 /* ThingsToDo.swift */; };
		BAFDE72E28C475320067F27F /* Cart.swift in Sources */ = {isa = PBXBuildFile; fileRef = BAFDE72D28C475320067F27F /* Cart.swift */; };
		BAFF85DD28DBACC700A13F11 /* AppUser.swift in Sources */ = {isa = PBXBuildFile; fileRef = BAFF85DC28DBACC700A13F11 /* AppUser.swift */; };
		BAFF85DF28DBE4FC00A13F11 /* TripBuilder.swift in Sources */ = {isa = PBXBuildFile; fileRef = BAFF85DE28DBE4FC00A13F11 /* TripBuilder.swift */; };
		BAFF85E228DE370000A13F11 /* TripListTab.swift in Sources */ = {isa = PBXBuildFile; fileRef = BAFF85E128DE370000A13F11 /* TripListTab.swift */; };
		BAFF85E428DE3C6C00A13F11 /* LikesListTab.swift in Sources */ = {isa = PBXBuildFile; fileRef = BAFF85E328DE3C6C00A13F11 /* LikesListTab.swift */; };
		BAFF85E628DE40E600A13F11 /* TripViewModel.swift in Sources */ = {isa = PBXBuildFile; fileRef = BAFF85E528DE40E600A13F11 /* TripViewModel.swift */; };
/* End PBXBuildFile section */

/* Begin PBXFileReference section */
		BA19A95B28CD0FC5006C7ABF /* ListViewElements.swift */ = {isa = PBXFileReference; lastKnownFileType = sourcecode.swift; path = ListViewElements.swift; sourceTree = "<group>"; };
		BA3CF11128DE4F8F00C7D1B4 /* UserViewModel.swift */ = {isa = PBXFileReference; lastKnownFileType = sourcecode.swift; path = UserViewModel.swift; sourceTree = "<group>"; };
		BA5B482928B1C57300308D00 /* Constants.swift */ = {isa = PBXFileReference; lastKnownFileType = sourcecode.swift; path = Constants.swift; sourceTree = "<group>"; };
		BA5B482B28B1C5CA00308D00 /* README.md */ = {isa = PBXFileReference; lastKnownFileType = net.daringfireball.markdown; path = README.md; sourceTree = "<group>"; };
		BA63588428CD2AD30021F9D3 /* UIBlurEffect.swift */ = {isa = PBXFileReference; lastKnownFileType = sourcecode.swift; path = UIBlurEffect.swift; sourceTree = "<group>"; };
		BA63588628CD3B370021F9D3 /* DetailView.swift */ = {isa = PBXFileReference; lastKnownFileType = sourcecode.swift; path = DetailView.swift; sourceTree = "<group>"; };
		BAB8066E28B1CA82009E81E4 /* HomeScreen.swift */ = {isa = PBXFileReference; lastKnownFileType = sourcecode.swift; path = HomeScreen.swift; sourceTree = "<group>"; };
		BAB8067228B1CE6E009E81E4 /* TextViews.swift */ = {isa = PBXFileReference; lastKnownFileType = sourcecode.swift; path = TextViews.swift; sourceTree = "<group>"; };
		BAB8067428B1D4A1009E81E4 /* ButtonViews.swift */ = {isa = PBXFileReference; lastKnownFileType = sourcecode.swift; path = ButtonViews.swift; sourceTree = "<group>"; };
		BAB8067628B1E03B009E81E4 /* OnBoarding.swift */ = {isa = PBXFileReference; lastKnownFileType = sourcecode.swift; path = OnBoarding.swift; sourceTree = "<group>"; };
		BAB8067B28B6DDCC009E81E4 /* HomeworkWeek2.playground */ = {isa = PBXFileReference; lastKnownFileType = file.playground; path = HomeworkWeek2.playground; sourceTree = "<group>"; xcLanguageSpecificationIdentifier = xcode.lang.swift; };
		BAB8067C28BC0101009E81E4 /* Person.swift */ = {isa = PBXFileReference; lastKnownFileType = sourcecode.swift; path = Person.swift; sourceTree = "<group>"; };
		BAB8067E28BC011F009E81E4 /* Group.swift */ = {isa = PBXFileReference; lastKnownFileType = sourcecode.swift; path = Group.swift; sourceTree = "<group>"; };
		BAB8068028BC012A009E81E4 /* Trip.swift */ = {isa = PBXFileReference; lastKnownFileType = sourcecode.swift; path = Trip.swift; sourceTree = "<group>"; };
		BAB8068228BC0140009E81E4 /* Review.swift */ = {isa = PBXFileReference; lastKnownFileType = sourcecode.swift; path = Review.swift; sourceTree = "<group>"; };
		BAB8068428BC0166009E81E4 /* City.swift */ = {isa = PBXFileReference; lastKnownFileType = sourcecode.swift; path = City.swift; sourceTree = "<group>"; };
		BAB8068628BC8321009E81E4 /* CityViewModel.swift */ = {isa = PBXFileReference; lastKnownFileType = sourcecode.swift; path = CityViewModel.swift; sourceTree = "<group>"; };
		BAB8068828C28BF0009E81E4 /* HomeworkWeek3.playground */ = {isa = PBXFileReference; lastKnownFileType = file.playground; path = HomeworkWeek3.playground; sourceTree = "<group>"; xcLanguageSpecificationIdentifier = xcode.lang.swift; };
		BAEB2F3728B13C47002FBBAD /* City Hopper.app */ = {isa = PBXFileReference; explicitFileType = wrapper.application; includeInIndex = 0; path = "City Hopper.app"; sourceTree = BUILT_PRODUCTS_DIR; };
		BAEB2F3A28B13C47002FBBAD /* CityHopperApp.swift */ = {isa = PBXFileReference; lastKnownFileType = sourcecode.swift; path = CityHopperApp.swift; sourceTree = "<group>"; };
		BAEB2F3E28B13C4C002FBBAD /* Assets.xcassets */ = {isa = PBXFileReference; lastKnownFileType = folder.assetcatalog; path = Assets.xcassets; sourceTree = "<group>"; };
		BAEB2F4128B13C4C002FBBAD /* Preview Assets.xcassets */ = {isa = PBXFileReference; lastKnownFileType = folder.assetcatalog; path = "Preview Assets.xcassets"; sourceTree = "<group>"; };
		BAF2DF5928D64CB600E1AEF8 /* Category.swift */ = {isa = PBXFileReference; lastKnownFileType = sourcecode.swift; path = Category.swift; sourceTree = "<group>"; };
		BAF2DF5B28D6555500E1AEF8 /* Country.swift */ = {isa = PBXFileReference; lastKnownFileType = sourcecode.swift; path = Country.swift; sourceTree = "<group>"; };
		BAF2DF5E28D66C2900E1AEF8 /* HomeTab.swift */ = {isa = PBXFileReference; lastKnownFileType = sourcecode.swift; path = HomeTab.swift; sourceTree = "<group>"; };
		BAF2DF6028D6979B00E1AEF8 /* CityListTab.swift */ = {isa = PBXFileReference; lastKnownFileType = sourcecode.swift; path = CityListTab.swift; sourceTree = "<group>"; };
		BAF2DF6528D799AC00E1AEF8 /* ListViews.swift */ = {isa = PBXFileReference; lastKnownFileType = sourcecode.swift; path = ListViews.swift; sourceTree = "<group>"; };
		BAF2DF6728D7C98200E1AEF8 /* ThingsToDo.swift */ = {isa = PBXFileReference; lastKnownFileType = sourcecode.swift; path = ThingsToDo.swift; sourceTree = "<group>"; };
		BAFDE72D28C475320067F27F /* Cart.swift */ = {isa = PBXFileReference; lastKnownFileType = sourcecode.swift; path = Cart.swift; sourceTree = "<group>"; };
		BAFF85DC28DBACC700A13F11 /* AppUser.swift */ = {isa = PBXFileReference; lastKnownFileType = sourcecode.swift; path = AppUser.swift; sourceTree = "<group>"; };
		BAFF85DE28DBE4FC00A13F11 /* TripBuilder.swift */ = {isa = PBXFileReference; lastKnownFileType = sourcecode.swift; path = TripBuilder.swift; sourceTree = "<group>"; };
		BAFF85E128DE370000A13F11 /* TripListTab.swift */ = {isa = PBXFileReference; lastKnownFileType = sourcecode.swift; path = TripListTab.swift; sourceTree = "<group>"; };
		BAFF85E328DE3C6C00A13F11 /* LikesListTab.swift */ = {isa = PBXFileReference; lastKnownFileType = sourcecode.swift; path = LikesListTab.swift; sourceTree = "<group>"; };
		BAFF85E528DE40E600A13F11 /* TripViewModel.swift */ = {isa = PBXFileReference; lastKnownFileType = sourcecode.swift; path = TripViewModel.swift; sourceTree = "<group>"; };
/* End PBXFileReference section */

/* Begin PBXFrameworksBuildPhase section */
		BAEB2F3428B13C47002FBBAD /* Frameworks */ = {
			isa = PBXFrameworksBuildPhase;
			buildActionMask = 2147483647;
			files = (
			);
			runOnlyForDeploymentPostprocessing = 0;
		};
/* End PBXFrameworksBuildPhase section */

/* Begin PBXGroup section */
		BA5B482628B1C51500308D00 /* App */ = {
			isa = PBXGroup;
			children = (
				BAEB2F3E28B13C4C002FBBAD /* Assets.xcassets */,
				BAEB2F3A28B13C47002FBBAD /* CityHopperApp.swift */,
			);
			path = App;
			sourceTree = "<group>";
		};
		BA5B482728B1C53600308D00 /* Views */ = {
			isa = PBXGroup;
			children = (
				BAF2DF6428D6CD9000E1AEF8 /* ReusableViews */,
				BAF2DF5D28D66C0500E1AEF8 /* TabViews */,
				BAB8066E28B1CA82009E81E4 /* HomeScreen.swift */,
				BAB8067628B1E03B009E81E4 /* OnBoarding.swift */,
				BA63588628CD3B370021F9D3 /* DetailView.swift */,
				BAF2DF6728D7C98200E1AEF8 /* ThingsToDo.swift */,
			);
			path = Views;
			sourceTree = "<group>";
		};
		BA5B482828B1C55B00308D00 /* Model */ = {
			isa = PBXGroup;
			children = (
				BAFF85E028DE1C6000A13F11 /* Builders */,
				BAFF85DC28DBACC700A13F11 /* AppUser.swift */,
				BAB8067C28BC0101009E81E4 /* Person.swift */,
				BAB8067E28BC011F009E81E4 /* Group.swift */,
				BAB8068028BC012A009E81E4 /* Trip.swift */,
				BAB8068228BC0140009E81E4 /* Review.swift */,
				BAB8068428BC0166009E81E4 /* City.swift */,
				BAFDE72D28C475320067F27F /* Cart.swift */,
				BAF2DF5928D64CB600E1AEF8 /* Category.swift */,
				BAF2DF5B28D6555500E1AEF8 /* Country.swift */,
			);
			path = Model;
			sourceTree = "<group>";
		};
		BAB8067828B6D4F2009E81E4 /* Utilities */ = {
			isa = PBXGroup;
			children = (
				BA5B482928B1C57300308D00 /* Constants.swift */,
			);
			path = Utilities;
			sourceTree = "<group>";
		};
		BAB8067928B6DC18009E81E4 /* Playgrounds */ = {
			isa = PBXGroup;
			children = (
				BAB8068828C28BF0009E81E4 /* HomeworkWeek3.playground */,
				BAB8067B28B6DDCC009E81E4 /* HomeworkWeek2.playground */,
			);
			path = Playgrounds;
			sourceTree = "<group>";
		};
		BAEB2F2E28B13C47002FBBAD = {
			isa = PBXGroup;
			children = (
				BAB8067928B6DC18009E81E4 /* Playgrounds */,
				BA5B482B28B1C5CA00308D00 /* README.md */,
				BAEB2F3928B13C47002FBBAD /* CityHopper */,
				BAEB2F3828B13C47002FBBAD /* Products */,
			);
			sourceTree = "<group>";
		};
		BAEB2F3828B13C47002FBBAD /* Products */ = {
			isa = PBXGroup;
			children = (
				BAEB2F3728B13C47002FBBAD /* City Hopper.app */,
			);
			name = Products;
			sourceTree = "<group>";
		};
		BAEB2F3928B13C47002FBBAD /* CityHopper */ = {
			isa = PBXGroup;
			children = (
				BAB8067828B6D4F2009E81E4 /* Utilities */,
				BA5B482828B1C55B00308D00 /* Model */,
				BA5B482728B1C53600308D00 /* Views */,
				BAFF85DB28DBAA4C00A13F11 /* ViewModel */,
				BA5B482628B1C51500308D00 /* App */,
				BAEB2F4028B13C4C002FBBAD /* Preview Content */,
			);
			path = CityHopper;
			sourceTree = "<group>";
		};
		BAEB2F4028B13C4C002FBBAD /* Preview Content */ = {
			isa = PBXGroup;
			children = (
				BAEB2F4128B13C4C002FBBAD /* Preview Assets.xcassets */,
			);
			path = "Preview Content";
			sourceTree = "<group>";
		};
		BAF2DF5D28D66C0500E1AEF8 /* TabViews */ = {
			isa = PBXGroup;
			children = (
				BAF2DF5E28D66C2900E1AEF8 /* HomeTab.swift */,
				BAF2DF6028D6979B00E1AEF8 /* CityListTab.swift */,
				BAFF85E128DE370000A13F11 /* TripListTab.swift */,
				BAFF85E328DE3C6C00A13F11 /* LikesListTab.swift */,
			);
			path = TabViews;
			sourceTree = "<group>";
		};
		BAF2DF6428D6CD9000E1AEF8 /* ReusableViews */ = {
			isa = PBXGroup;
			children = (
				BA63588428CD2AD30021F9D3 /* UIBlurEffect.swift */,
				BA19A95B28CD0FC5006C7ABF /* ListViewElements.swift */,
				BAB8067428B1D4A1009E81E4 /* ButtonViews.swift */,
				BAB8067228B1CE6E009E81E4 /* TextViews.swift */,
				BAF2DF6528D799AC00E1AEF8 /* ListViews.swift */,
			);
			path = ReusableViews;
			sourceTree = "<group>";
		};
		BAFF85DB28DBAA4C00A13F11 /* ViewModel */ = {
			isa = PBXGroup;
			children = (
				BAB8068628BC8321009E81E4 /* CityViewModel.swift */,
				BAFF85E528DE40E600A13F11 /* TripViewModel.swift */,
				BA3CF11128DE4F8F00C7D1B4 /* UserViewModel.swift */,
			);
			path = ViewModel;
			sourceTree = "<group>";
		};
		BAFF85E028DE1C6000A13F11 /* Builders */ = {
			isa = PBXGroup;
			children = (
				BAFF85DE28DBE4FC00A13F11 /* TripBuilder.swift */,
			);
			path = Builders;
			sourceTree = "<group>";
		};
/* End PBXGroup section */

/* Begin PBXNativeTarget section */
		BAEB2F3628B13C47002FBBAD /* CityHopper */ = {
			isa = PBXNativeTarget;
			buildConfigurationList = BAEB2F4528B13C4C002FBBAD /* Build configuration list for PBXNativeTarget "CityHopper" */;
			buildPhases = (
				BAEB2F3328B13C47002FBBAD /* Sources */,
				BAEB2F3428B13C47002FBBAD /* Frameworks */,
				BAEB2F3528B13C47002FBBAD /* Resources */,
			);
			buildRules = (
			);
			dependencies = (
			);
			name = CityHopper;
			productName = CityHopper;
			productReference = BAEB2F3728B13C47002FBBAD /* City Hopper.app */;
			productType = "com.apple.product-type.application";
		};
/* End PBXNativeTarget section */

/* Begin PBXProject section */
		BAEB2F2F28B13C47002FBBAD /* Project object */ = {
			isa = PBXProject;
			attributes = {
				BuildIndependentTargetsInParallel = 1;
				LastSwiftUpdateCheck = 1340;
				LastUpgradeCheck = 1340;
				TargetAttributes = {
					BAEB2F3628B13C47002FBBAD = {
						CreatedOnToolsVersion = 13.4.1;
					};
				};
			};
			buildConfigurationList = BAEB2F3228B13C47002FBBAD /* Build configuration list for PBXProject "CityHopper" */;
			compatibilityVersion = "Xcode 13.0";
			developmentRegion = en;
			hasScannedForEncodings = 0;
			knownRegions = (
				en,
				Base,
			);
			mainGroup = BAEB2F2E28B13C47002FBBAD;
			productRefGroup = BAEB2F3828B13C47002FBBAD /* Products */;
			projectDirPath = "";
			projectRoot = "";
			targets = (
				BAEB2F3628B13C47002FBBAD /* CityHopper */,
			);
		};
/* End PBXProject section */

/* Begin PBXResourcesBuildPhase section */
		BAEB2F3528B13C47002FBBAD /* Resources */ = {
			isa = PBXResourcesBuildPhase;
			buildActionMask = 2147483647;
			files = (
				BAEB2F4228B13C4C002FBBAD /* Preview Assets.xcassets in Resources */,
				BAEB2F3F28B13C4C002FBBAD /* Assets.xcassets in Resources */,
			);
			runOnlyForDeploymentPostprocessing = 0;
		};
/* End PBXResourcesBuildPhase section */

/* Begin PBXSourcesBuildPhase section */
		BAEB2F3328B13C47002FBBAD /* Sources */ = {
			isa = PBXSourcesBuildPhase;
			buildActionMask = 2147483647;
			files = (
				BAB8066F28B1CA82009E81E4 /* HomeScreen.swift in Sources */,
				BAB8067328B1CE6E009E81E4 /* TextViews.swift in Sources */,
				BAB8068728BC8321009E81E4 /* CityViewModel.swift in Sources */,
				BAFF85E628DE40E600A13F11 /* TripViewModel.swift in Sources */,
				BAFF85E228DE370000A13F11 /* TripListTab.swift in Sources */,
				BA3CF11228DE4F8F00C7D1B4 /* UserViewModel.swift in Sources */,
				BAFDE72E28C475320067F27F /* Cart.swift in Sources */,
				BAF2DF6128D6979B00E1AEF8 /* CityListTab.swift in Sources */,
				BAB8067528B1D4A1009E81E4 /* ButtonViews.swift in Sources */,
				BA63588528CD2AD30021F9D3 /* UIBlurEffect.swift in Sources */,
				BAF2DF5F28D66C2900E1AEF8 /* HomeTab.swift in Sources */,
				BAB8068128BC012A009E81E4 /* Trip.swift in Sources */,
				BAB8067F28BC011F009E81E4 /* Group.swift in Sources */,
				BAFF85DF28DBE4FC00A13F11 /* TripBuilder.swift in Sources */,
				BAB8068328BC0140009E81E4 /* Review.swift in Sources */,
				BA63588728CD3B370021F9D3 /* DetailView.swift in Sources */,
				BAFF85E428DE3C6C00A13F11 /* LikesListTab.swift in Sources */,
				BAF2DF5C28D6555500E1AEF8 /* Country.swift in Sources */,
				BA19A95C28CD0FC5006C7ABF /* ListViewElements.swift in Sources */,
				BAF2DF6828D7C98200E1AEF8 /* ThingsToDo.swift in Sources */,
				BAF2DF5A28D64CB600E1AEF8 /* Category.swift in Sources */,
				BAF2DF6628D799AC00E1AEF8 /* ListViews.swift in Sources */,
				BAEB2F3B28B13C47002FBBAD /* CityHopperApp.swift in Sources */,
				BAB8068528BC0166009E81E4 /* City.swift in Sources */,
				BAB8067D28BC0101009E81E4 /* Person.swift in Sources */,
				BAB8067728B1E03B009E81E4 /* OnBoarding.swift in Sources */,
				BA5B482A28B1C57300308D00 /* Constants.swift in Sources */,
				BAFF85DD28DBACC700A13F11 /* AppUser.swift in Sources */,
			);
			runOnlyForDeploymentPostprocessing = 0;
		};
/* End PBXSourcesBuildPhase section */

/* Begin XCBuildConfiguration section */
		BAEB2F4328B13C4C002FBBAD /* Debug */ = {
			isa = XCBuildConfiguration;
			buildSettings = {
				ALWAYS_SEARCH_USER_PATHS = NO;
				CLANG_ANALYZER_NONNULL = YES;
				CLANG_ANALYZER_NUMBER_OBJECT_CONVERSION = YES_AGGRESSIVE;
				CLANG_CXX_LANGUAGE_STANDARD = "gnu++17";
				CLANG_ENABLE_MODULES = YES;
				CLANG_ENABLE_OBJC_ARC = YES;
				CLANG_ENABLE_OBJC_WEAK = YES;
				CLANG_WARN_BLOCK_CAPTURE_AUTORELEASING = YES;
				CLANG_WARN_BOOL_CONVERSION = YES;
				CLANG_WARN_COMMA = YES;
				CLANG_WARN_CONSTANT_CONVERSION = YES;
				CLANG_WARN_DEPRECATED_OBJC_IMPLEMENTATIONS = YES;
				CLANG_WARN_DIRECT_OBJC_ISA_USAGE = YES_ERROR;
				CLANG_WARN_DOCUMENTATION_COMMENTS = YES;
				CLANG_WARN_EMPTY_BODY = YES;
				CLANG_WARN_ENUM_CONVERSION = YES;
				CLANG_WARN_INFINITE_RECURSION = YES;
				CLANG_WARN_INT_CONVERSION = YES;
				CLANG_WARN_NON_LITERAL_NULL_CONVERSION = YES;
				CLANG_WARN_OBJC_IMPLICIT_RETAIN_SELF = YES;
				CLANG_WARN_OBJC_LITERAL_CONVERSION = YES;
				CLANG_WARN_OBJC_ROOT_CLASS = YES_ERROR;
				CLANG_WARN_QUOTED_INCLUDE_IN_FRAMEWORK_HEADER = YES;
				CLANG_WARN_RANGE_LOOP_ANALYSIS = YES;
				CLANG_WARN_STRICT_PROTOTYPES = YES;
				CLANG_WARN_SUSPICIOUS_MOVE = YES;
				CLANG_WARN_UNGUARDED_AVAILABILITY = YES_AGGRESSIVE;
				CLANG_WARN_UNREACHABLE_CODE = YES;
				CLANG_WARN__DUPLICATE_METHOD_MATCH = YES;
				COPY_PHASE_STRIP = NO;
				DEBUG_INFORMATION_FORMAT = dwarf;
				ENABLE_STRICT_OBJC_MSGSEND = YES;
				ENABLE_TESTABILITY = YES;
				GCC_C_LANGUAGE_STANDARD = gnu11;
				GCC_DYNAMIC_NO_PIC = NO;
				GCC_NO_COMMON_BLOCKS = YES;
				GCC_OPTIMIZATION_LEVEL = 0;
				GCC_PREPROCESSOR_DEFINITIONS = (
					"DEBUG=1",
					"$(inherited)",
				);
				GCC_WARN_64_TO_32_BIT_CONVERSION = YES;
				GCC_WARN_ABOUT_RETURN_TYPE = YES_ERROR;
				GCC_WARN_UNDECLARED_SELECTOR = YES;
				GCC_WARN_UNINITIALIZED_AUTOS = YES_AGGRESSIVE;
				GCC_WARN_UNUSED_FUNCTION = YES;
				GCC_WARN_UNUSED_VARIABLE = YES;
				IPHONEOS_DEPLOYMENT_TARGET = 15.5;
				MTL_ENABLE_DEBUG_INFO = INCLUDE_SOURCE;
				MTL_FAST_MATH = YES;
				ONLY_ACTIVE_ARCH = YES;
				SDKROOT = iphoneos;
				SWIFT_ACTIVE_COMPILATION_CONDITIONS = DEBUG;
				SWIFT_OPTIMIZATION_LEVEL = "-Onone";
			};
			name = Debug;
		};
		BAEB2F4428B13C4C002FBBAD /* Release */ = {
			isa = XCBuildConfiguration;
			buildSettings = {
				ALWAYS_SEARCH_USER_PATHS = NO;
				CLANG_ANALYZER_NONNULL = YES;
				CLANG_ANALYZER_NUMBER_OBJECT_CONVERSION = YES_AGGRESSIVE;
				CLANG_CXX_LANGUAGE_STANDARD = "gnu++17";
				CLANG_ENABLE_MODULES = YES;
				CLANG_ENABLE_OBJC_ARC = YES;
				CLANG_ENABLE_OBJC_WEAK = YES;
				CLANG_WARN_BLOCK_CAPTURE_AUTORELEASING = YES;
				CLANG_WARN_BOOL_CONVERSION = YES;
				CLANG_WARN_COMMA = YES;
				CLANG_WARN_CONSTANT_CONVERSION = YES;
				CLANG_WARN_DEPRECATED_OBJC_IMPLEMENTATIONS = YES;
				CLANG_WARN_DIRECT_OBJC_ISA_USAGE = YES_ERROR;
				CLANG_WARN_DOCUMENTATION_COMMENTS = YES;
				CLANG_WARN_EMPTY_BODY = YES;
				CLANG_WARN_ENUM_CONVERSION = YES;
				CLANG_WARN_INFINITE_RECURSION = YES;
				CLANG_WARN_INT_CONVERSION = YES;
				CLANG_WARN_NON_LITERAL_NULL_CONVERSION = YES;
				CLANG_WARN_OBJC_IMPLICIT_RETAIN_SELF = YES;
				CLANG_WARN_OBJC_LITERAL_CONVERSION = YES;
				CLANG_WARN_OBJC_ROOT_CLASS = YES_ERROR;
				CLANG_WARN_QUOTED_INCLUDE_IN_FRAMEWORK_HEADER = YES;
				CLANG_WARN_RANGE_LOOP_ANALYSIS = YES;
				CLANG_WARN_STRICT_PROTOTYPES = YES;
				CLANG_WARN_SUSPICIOUS_MOVE = YES;
				CLANG_WARN_UNGUARDED_AVAILABILITY = YES_AGGRESSIVE;
				CLANG_WARN_UNREACHABLE_CODE = YES;
				CLANG_WARN__DUPLICATE_METHOD_MATCH = YES;
				COPY_PHASE_STRIP = NO;
				DEBUG_INFORMATION_FORMAT = "dwarf-with-dsym";
				ENABLE_NS_ASSERTIONS = NO;
				ENABLE_STRICT_OBJC_MSGSEND = YES;
				GCC_C_LANGUAGE_STANDARD = gnu11;
				GCC_NO_COMMON_BLOCKS = YES;
				GCC_WARN_64_TO_32_BIT_CONVERSION = YES;
				GCC_WARN_ABOUT_RETURN_TYPE = YES_ERROR;
				GCC_WARN_UNDECLARED_SELECTOR = YES;
				GCC_WARN_UNINITIALIZED_AUTOS = YES_AGGRESSIVE;
				GCC_WARN_UNUSED_FUNCTION = YES;
				GCC_WARN_UNUSED_VARIABLE = YES;
				IPHONEOS_DEPLOYMENT_TARGET = 15.5;
				MTL_ENABLE_DEBUG_INFO = NO;
				MTL_FAST_MATH = YES;
				SDKROOT = iphoneos;
				SWIFT_COMPILATION_MODE = wholemodule;
				SWIFT_OPTIMIZATION_LEVEL = "-O";
				VALIDATE_PRODUCT = YES;
			};
			name = Release;
		};
		BAEB2F4628B13C4C002FBBAD /* Debug */ = {
			isa = XCBuildConfiguration;
			buildSettings = {
				ASSETCATALOG_COMPILER_APPICON_NAME = AppIcon;
				ASSETCATALOG_COMPILER_GLOBAL_ACCENT_COLOR_NAME = AccentColor;
				CODE_SIGN_STYLE = Automatic;
				CURRENT_PROJECT_VERSION = 1;
				DEVELOPMENT_ASSET_PATHS = "\"CityHopper/Preview Content\"";
				DEVELOPMENT_TEAM = BBK84N9JY9;
				ENABLE_PREVIEWS = YES;
				GENERATE_INFOPLIST_FILE = YES;
				INFOPLIST_KEY_UIApplicationSceneManifest_Generation = YES;
				INFOPLIST_KEY_UIApplicationSupportsIndirectInputEvents = YES;
				INFOPLIST_KEY_UILaunchScreen_Generation = YES;
				INFOPLIST_KEY_UISupportedInterfaceOrientations = "UIInterfaceOrientationPortrait UIInterfaceOrientationPortraitUpsideDown";
				INFOPLIST_KEY_UISupportedInterfaceOrientations_iPad = "UIInterfaceOrientationPortrait UIInterfaceOrientationPortraitUpsideDown UIInterfaceOrientationLandscapeLeft UIInterfaceOrientationLandscapeRight";
				INFOPLIST_KEY_UISupportedInterfaceOrientations_iPhone = "UIInterfaceOrientationPortrait UIInterfaceOrientationLandscapeLeft UIInterfaceOrientationLandscapeRight";
				LD_RUNPATH_SEARCH_PATHS = (
					"$(inherited)",
					"@executable_path/Frameworks",
				);
				MARKETING_VERSION = 1.0;
				PRODUCT_BUNDLE_IDENTIFIER = com.ehjconsultancy.com.CityHopper;
				PRODUCT_NAME = "City Hopper";
				SWIFT_EMIT_LOC_STRINGS = YES;
				SWIFT_VERSION = 5.0;
				TARGETED_DEVICE_FAMILY = "1,2";
			};
			name = Debug;
		};
		BAEB2F4728B13C4C002FBBAD /* Release */ = {
			isa = XCBuildConfiguration;
			buildSettings = {
				ASSETCATALOG_COMPILER_APPICON_NAME = AppIcon;
				ASSETCATALOG_COMPILER_GLOBAL_ACCENT_COLOR_NAME = AccentColor;
				CODE_SIGN_STYLE = Automatic;
				CURRENT_PROJECT_VERSION = 1;
				DEVELOPMENT_ASSET_PATHS = "\"CityHopper/Preview Content\"";
				DEVELOPMENT_TEAM = BBK84N9JY9;
				ENABLE_PREVIEWS = YES;
				GENERATE_INFOPLIST_FILE = YES;
				INFOPLIST_KEY_UIApplicationSceneManifest_Generation = YES;
				INFOPLIST_KEY_UIApplicationSupportsIndirectInputEvents = YES;
				INFOPLIST_KEY_UILaunchScreen_Generation = YES;
				INFOPLIST_KEY_UISupportedInterfaceOrientations = "UIInterfaceOrientationPortrait UIInterfaceOrientationPortraitUpsideDown";
				INFOPLIST_KEY_UISupportedInterfaceOrientations_iPad = "UIInterfaceOrientationPortrait UIInterfaceOrientationPortraitUpsideDown UIInterfaceOrientationLandscapeLeft UIInterfaceOrientationLandscapeRight";
				INFOPLIST_KEY_UISupportedInterfaceOrientations_iPhone = "UIInterfaceOrientationPortrait UIInterfaceOrientationLandscapeLeft UIInterfaceOrientationLandscapeRight";
				LD_RUNPATH_SEARCH_PATHS = (
					"$(inherited)",
					"@executable_path/Frameworks",
				);
				MARKETING_VERSION = 1.0;
				PRODUCT_BUNDLE_IDENTIFIER = com.ehjconsultancy.com.CityHopper;
				PRODUCT_NAME = "City Hopper";
				SWIFT_EMIT_LOC_STRINGS = YES;
				SWIFT_VERSION = 5.0;
				TARGETED_DEVICE_FAMILY = "1,2";
			};
			name = Release;
		};
/* End XCBuildConfiguration section */

/* Begin XCConfigurationList section */
		BAEB2F3228B13C47002FBBAD /* Build configuration list for PBXProject "CityHopper" */ = {
			isa = XCConfigurationList;
			buildConfigurations = (
				BAEB2F4328B13C4C002FBBAD /* Debug */,
				BAEB2F4428B13C4C002FBBAD /* Release */,
			);
			defaultConfigurationIsVisible = 0;
			defaultConfigurationName = Release;
		};
		BAEB2F4528B13C4C002FBBAD /* Build configuration list for PBXNativeTarget "CityHopper" */ = {
			isa = XCConfigurationList;
			buildConfigurations = (
				BAEB2F4628B13C4C002FBBAD /* Debug */,
				BAEB2F4728B13C4C002FBBAD /* Release */,
			);
			defaultConfigurationIsVisible = 0;
			defaultConfigurationName = Release;
		};
/* End XCConfigurationList section */
	};
	rootObject = BAEB2F2F28B13C47002FBBAD /* Project object */;
}
